// !$*UTF8*$!
{
	archiveVersion = 1;
	classes = {
	};
	objectVersion = 54;
	objects = {

/* Begin PBXBuildFile section */
		6879B0DC256FF23700A04684 /* img18.png in Resources */ = {isa = PBXBuildFile; fileRef = 6879B0C4256FF23600A04684 /* img18.png */; };
		6879B0DD256FF23700A04684 /* img1.png in Resources */ = {isa = PBXBuildFile; fileRef = 6879B0C5256FF23600A04684 /* img1.png */; };
		6879B0DE256FF23700A04684 /* img20.png in Resources */ = {isa = PBXBuildFile; fileRef = 6879B0C6256FF23600A04684 /* img20.png */; };
		6879B0DF256FF23700A04684 /* img10.jpg in Resources */ = {isa = PBXBuildFile; fileRef = 6879B0C7256FF23600A04684 /* img10.jpg */; };
		6879B0E0256FF23700A04684 /* img3.jpg in Resources */ = {isa = PBXBuildFile; fileRef = 6879B0C8256FF23600A04684 /* img3.jpg */; };
		6879B0E1256FF23700A04684 /* img13.jpg in Resources */ = {isa = PBXBuildFile; fileRef = 6879B0C9256FF23600A04684 /* img13.jpg */; };
		6879B0E2256FF23700A04684 /* img15.jpg in Resources */ = {isa = PBXBuildFile; fileRef = 6879B0CA256FF23600A04684 /* img15.jpg */; };
		6879B0E3256FF23700A04684 /* demo.gif in Resources */ = {isa = PBXBuildFile; fileRef = 6879B0CB256FF23600A04684 /* demo.gif */; };
		6879B0E4256FF23700A04684 /* img2.png in Resources */ = {isa = PBXBuildFile; fileRef = 6879B0CC256FF23600A04684 /* img2.png */; };
		6879B0E5256FF23700A04684 /* img14.png in Resources */ = {isa = PBXBuildFile; fileRef = 6879B0CD256FF23600A04684 /* img14.png */; };
		6879B0E6256FF23700A04684 /* img17.png in Resources */ = {isa = PBXBuildFile; fileRef = 6879B0CE256FF23600A04684 /* img17.png */; };
		6879B0E7256FF23700A04684 /* wwdc-2020-100835422-large.jpg in Resources */ = {isa = PBXBuildFile; fileRef = 6879B0CF256FF23600A04684 /* wwdc-2020-100835422-large.jpg */; };
		6879B0E8256FF23700A04684 /* img4.png in Resources */ = {isa = PBXBuildFile; fileRef = 6879B0D0256FF23600A04684 /* img4.png */; };
		6879B0E9256FF23700A04684 /* img8.png in Resources */ = {isa = PBXBuildFile; fileRef = 6879B0D1256FF23600A04684 /* img8.png */; };
		6879B0EA256FF23700A04684 /* img7.png in Resources */ = {isa = PBXBuildFile; fileRef = 6879B0D2256FF23700A04684 /* img7.png */; };
		6879B0EB256FF23700A04684 /* img19.png in Resources */ = {isa = PBXBuildFile; fileRef = 6879B0D3256FF23700A04684 /* img19.png */; };
		6879B0EC256FF23700A04684 /* img9.png in Resources */ = {isa = PBXBuildFile; fileRef = 6879B0D4256FF23700A04684 /* img9.png */; };
		6879B0ED256FF23700A04684 /* img16.jpg in Resources */ = {isa = PBXBuildFile; fileRef = 6879B0D5256FF23700A04684 /* img16.jpg */; };
		6879B0EE256FF23700A04684 /* img6.png in Resources */ = {isa = PBXBuildFile; fileRef = 6879B0D6256FF23700A04684 /* img6.png */; };
		6879B0EF256FF23700A04684 /* img11.jpg in Resources */ = {isa = PBXBuildFile; fileRef = 6879B0D7256FF23700A04684 /* img11.jpg */; };
		6879B0F0256FF23700A04684 /* img21.png in Resources */ = {isa = PBXBuildFile; fileRef = 6879B0D8256FF23700A04684 /* img21.png */; };
		6879B0F2256FF23700A04684 /* img5.png in Resources */ = {isa = PBXBuildFile; fileRef = 6879B0DA256FF23700A04684 /* img5.png */; };
		6879B0F7257006FA00A04684 /* img11b.png in Resources */ = {isa = PBXBuildFile; fileRef = 6879B0F6257006FA00A04684 /* img11b.png */; };
		6879B0FB25700D6400A04684 /* img20b.png in Resources */ = {isa = PBXBuildFile; fileRef = 6879B0FA25700D6400A04684 /* img20b.png */; };
		68821EC3256C2B7C002EED02 /* AppDelegate.swift in Sources */ = {isa = PBXBuildFile; fileRef = 68821EC2256C2B7C002EED02 /* AppDelegate.swift */; };
		68821EC5256C2B7C002EED02 /* SceneDelegate.swift in Sources */ = {isa = PBXBuildFile; fileRef = 68821EC4256C2B7C002EED02 /* SceneDelegate.swift */; };
		68821EC7256C2B7C002EED02 /* ViewController.swift in Sources */ = {isa = PBXBuildFile; fileRef = 68821EC6256C2B7C002EED02 /* ViewController.swift */; };
		68821ECC256C2B7D002EED02 /* Assets.xcassets in Resources */ = {isa = PBXBuildFile; fileRef = 68821ECB256C2B7D002EED02 /* Assets.xcassets */; };
		68821ECF256C2B7D002EED02 /* LaunchScreen.storyboard in Resources */ = {isa = PBXBuildFile; fileRef = 68821ECD256C2B7D002EED02 /* LaunchScreen.storyboard */; };
		68821EE0256C2D73002EED02 /* ProductCell.swift in Sources */ = {isa = PBXBuildFile; fileRef = 68821EDF256C2D73002EED02 /* ProductCell.swift */; };
		68821EE3256C2DA6002EED02 /* RestoreCell.swift in Sources */ = {isa = PBXBuildFile; fileRef = 68821EE2256C2DA6002EED02 /* RestoreCell.swift */; };
		68821F8E256C327F002EED02 /* StoreKit.framework in Frameworks */ = {isa = PBXBuildFile; fileRef = 68821F8D256C327F002EED02 /* StoreKit.framework */; };
		68821F93256C33B8002EED02 /* ProductsRelease.plist in Resources */ = {isa = PBXBuildFile; fileRef = 68821F91256C33B8002EED02 /* ProductsRelease.plist */; };
		68821F94256C33B8002EED02 /* Configuration.storekit in Resources */ = {isa = PBXBuildFile; fileRef = 68821F92256C33B8002EED02 /* Configuration.storekit */; };
		68F2C79C2571EAA700EBA028 /* IAPHelper.framework in Frameworks */ = {isa = PBXBuildFile; fileRef = 68F2C7992571E95700EBA028 /* IAPHelper.framework */; };
		68F2C79D2571EAA700EBA028 /* IAPHelper.framework in Embed Frameworks */ = {isa = PBXBuildFile; fileRef = 68F2C7992571E95700EBA028 /* IAPHelper.framework */; settings = {ATTRIBUTES = (CodeSignOnCopy, RemoveHeadersOnCopy, ); }; };
		68F2C7A22571F0BF00EBA028 /* StoreKitTestCertificate.cer in Resources */ = {isa = PBXBuildFile; fileRef = 68F2C7A02571F0BF00EBA028 /* StoreKitTestCertificate.cer */; };
		68F2C7A32571F0BF00EBA028 /* AppleIncRootCertificate.cer in Resources */ = {isa = PBXBuildFile; fileRef = 68F2C7A12571F0BF00EBA028 /* AppleIncRootCertificate.cer */; };
/* End PBXBuildFile section */

/* Begin PBXContainerItemProxy section */
		68F2C7982571E95700EBA028 /* PBXContainerItemProxy */ = {
			isa = PBXContainerItemProxy;
			containerPortal = 68F2C7942571E95700EBA028 /* IAPHelper.xcodeproj */;
			proxyType = 2;
			remoteGlobalIDString = 68B486D22571DA3F00770C1F;
			remoteInfo = IAPHelper;
		};
/* End PBXContainerItemProxy section */

/* Begin PBXCopyFilesBuildPhase section */
		68F2C79E2571EAA700EBA028 /* Embed Frameworks */ = {
			isa = PBXCopyFilesBuildPhase;
			buildActionMask = 2147483647;
			dstPath = "";
			dstSubfolderSpec = 10;
			files = (
				68F2C79D2571EAA700EBA028 /* IAPHelper.framework in Embed Frameworks */,
			);
			name = "Embed Frameworks";
			runOnlyForDeploymentPostprocessing = 0;
		};
/* End PBXCopyFilesBuildPhase section */

/* Begin PBXFileReference section */
		6879B0C4256FF23600A04684 /* img18.png */ = {isa = PBXFileReference; lastKnownFileType = image.png; path = img18.png; sourceTree = "<group>"; };
		6879B0C5256FF23600A04684 /* img1.png */ = {isa = PBXFileReference; lastKnownFileType = image.png; path = img1.png; sourceTree = "<group>"; };
		6879B0C6256FF23600A04684 /* img20.png */ = {isa = PBXFileReference; lastKnownFileType = image.png; path = img20.png; sourceTree = "<group>"; };
		6879B0C7256FF23600A04684 /* img10.jpg */ = {isa = PBXFileReference; lastKnownFileType = image.jpeg; path = img10.jpg; sourceTree = "<group>"; };
		6879B0C8256FF23600A04684 /* img3.jpg */ = {isa = PBXFileReference; lastKnownFileType = image.jpeg; path = img3.jpg; sourceTree = "<group>"; };
		6879B0C9256FF23600A04684 /* img13.jpg */ = {isa = PBXFileReference; lastKnownFileType = image.jpeg; path = img13.jpg; sourceTree = "<group>"; };
		6879B0CA256FF23600A04684 /* img15.jpg */ = {isa = PBXFileReference; lastKnownFileType = image.jpeg; path = img15.jpg; sourceTree = "<group>"; };
		6879B0CB256FF23600A04684 /* demo.gif */ = {isa = PBXFileReference; lastKnownFileType = image.gif; path = demo.gif; sourceTree = "<group>"; };
		6879B0CC256FF23600A04684 /* img2.png */ = {isa = PBXFileReference; lastKnownFileType = image.png; path = img2.png; sourceTree = "<group>"; };
		6879B0CD256FF23600A04684 /* img14.png */ = {isa = PBXFileReference; lastKnownFileType = image.png; path = img14.png; sourceTree = "<group>"; };
		6879B0CE256FF23600A04684 /* img17.png */ = {isa = PBXFileReference; lastKnownFileType = image.png; path = img17.png; sourceTree = "<group>"; };
		6879B0CF256FF23600A04684 /* wwdc-2020-100835422-large.jpg */ = {isa = PBXFileReference; lastKnownFileType = image.jpeg; path = "wwdc-2020-100835422-large.jpg"; sourceTree = "<group>"; };
		6879B0D0256FF23600A04684 /* img4.png */ = {isa = PBXFileReference; lastKnownFileType = image.png; path = img4.png; sourceTree = "<group>"; };
		6879B0D1256FF23600A04684 /* img8.png */ = {isa = PBXFileReference; lastKnownFileType = image.png; path = img8.png; sourceTree = "<group>"; };
		6879B0D2256FF23700A04684 /* img7.png */ = {isa = PBXFileReference; lastKnownFileType = image.png; path = img7.png; sourceTree = "<group>"; };
		6879B0D3256FF23700A04684 /* img19.png */ = {isa = PBXFileReference; lastKnownFileType = image.png; path = img19.png; sourceTree = "<group>"; };
		6879B0D4256FF23700A04684 /* img9.png */ = {isa = PBXFileReference; lastKnownFileType = image.png; path = img9.png; sourceTree = "<group>"; };
		6879B0D5256FF23700A04684 /* img16.jpg */ = {isa = PBXFileReference; lastKnownFileType = image.jpeg; path = img16.jpg; sourceTree = "<group>"; };
		6879B0D6256FF23700A04684 /* img6.png */ = {isa = PBXFileReference; lastKnownFileType = image.png; path = img6.png; sourceTree = "<group>"; };
		6879B0D7256FF23700A04684 /* img11.jpg */ = {isa = PBXFileReference; lastKnownFileType = image.jpeg; path = img11.jpg; sourceTree = "<group>"; };
		6879B0D8256FF23700A04684 /* img21.png */ = {isa = PBXFileReference; lastKnownFileType = image.png; path = img21.png; sourceTree = "<group>"; };
		6879B0DA256FF23700A04684 /* img5.png */ = {isa = PBXFileReference; lastKnownFileType = image.png; path = img5.png; sourceTree = "<group>"; };
		6879B0F6257006FA00A04684 /* img11b.png */ = {isa = PBXFileReference; lastKnownFileType = image.png; path = img11b.png; sourceTree = "<group>"; };
		6879B0FA25700D6400A04684 /* img20b.png */ = {isa = PBXFileReference; lastKnownFileType = image.png; path = img20b.png; sourceTree = "<group>"; };
		68821EBF256C2B7C002EED02 /* IAPDemo.app */ = {isa = PBXFileReference; explicitFileType = wrapper.application; includeInIndex = 0; path = IAPDemo.app; sourceTree = BUILT_PRODUCTS_DIR; };
		68821EC2256C2B7C002EED02 /* AppDelegate.swift */ = {isa = PBXFileReference; lastKnownFileType = sourcecode.swift; path = AppDelegate.swift; sourceTree = "<group>"; };
		68821EC4256C2B7C002EED02 /* SceneDelegate.swift */ = {isa = PBXFileReference; lastKnownFileType = sourcecode.swift; path = SceneDelegate.swift; sourceTree = "<group>"; };
		68821EC6256C2B7C002EED02 /* ViewController.swift */ = {isa = PBXFileReference; lastKnownFileType = sourcecode.swift; path = ViewController.swift; sourceTree = "<group>"; };
		68821ECB256C2B7D002EED02 /* Assets.xcassets */ = {isa = PBXFileReference; lastKnownFileType = folder.assetcatalog; path = Assets.xcassets; sourceTree = "<group>"; };
		68821ECE256C2B7D002EED02 /* Base */ = {isa = PBXFileReference; lastKnownFileType = file.storyboard; name = Base; path = Base.lproj/LaunchScreen.storyboard; sourceTree = "<group>"; };
		68821ED0256C2B7D002EED02 /* Info.plist */ = {isa = PBXFileReference; lastKnownFileType = text.plist.xml; path = Info.plist; sourceTree = "<group>"; };
		68821EDF256C2D73002EED02 /* ProductCell.swift */ = {isa = PBXFileReference; lastKnownFileType = sourcecode.swift; path = ProductCell.swift; sourceTree = "<group>"; };
		68821EE2256C2DA6002EED02 /* RestoreCell.swift */ = {isa = PBXFileReference; lastKnownFileType = sourcecode.swift; path = RestoreCell.swift; sourceTree = "<group>"; };
		68821F8D256C327F002EED02 /* StoreKit.framework */ = {isa = PBXFileReference; lastKnownFileType = wrapper.framework; name = StoreKit.framework; path = System/Library/Frameworks/StoreKit.framework; sourceTree = SDKROOT; };
		68821F91256C33B8002EED02 /* ProductsRelease.plist */ = {isa = PBXFileReference; fileEncoding = 4; lastKnownFileType = text.plist.xml; path = ProductsRelease.plist; sourceTree = "<group>"; };
		68821F92256C33B8002EED02 /* Configuration.storekit */ = {isa = PBXFileReference; fileEncoding = 4; lastKnownFileType = text; path = Configuration.storekit; sourceTree = "<group>"; };
		68B571BD256D83FB007ED6F2 /* README.md */ = {isa = PBXFileReference; lastKnownFileType = net.daringfireball.markdown; path = README.md; sourceTree = "<group>"; };
		68F2C7942571E95700EBA028 /* IAPHelper.xcodeproj */ = {isa = PBXFileReference; lastKnownFileType = "wrapper.pb-project"; name = IAPHelper.xcodeproj; path = ../IAPHelper/IAPHelper.xcodeproj; sourceTree = "<group>"; };
		68F2C7A02571F0BF00EBA028 /* StoreKitTestCertificate.cer */ = {isa = PBXFileReference; lastKnownFileType = file; path = StoreKitTestCertificate.cer; sourceTree = "<group>"; };
		68F2C7A12571F0BF00EBA028 /* AppleIncRootCertificate.cer */ = {isa = PBXFileReference; lastKnownFileType = file; path = AppleIncRootCertificate.cer; sourceTree = "<group>"; };
/* End PBXFileReference section */

/* Begin PBXFrameworksBuildPhase section */
		68821EBC256C2B7C002EED02 /* Frameworks */ = {
			isa = PBXFrameworksBuildPhase;
			buildActionMask = 2147483647;
			files = (
				68821F8E256C327F002EED02 /* StoreKit.framework in Frameworks */,
				68F2C79C2571EAA700EBA028 /* IAPHelper.framework in Frameworks */,
			);
			runOnlyForDeploymentPostprocessing = 0;
		};
/* End PBXFrameworksBuildPhase section */

/* Begin PBXGroup section */
		6879B0C3256FEBC400A04684 /* readme-assets */ = {
			isa = PBXGroup;
			children = (
				6879B0CB256FF23600A04684 /* demo.gif */,
				6879B0C5256FF23600A04684 /* img1.png */,
				6879B0CC256FF23600A04684 /* img2.png */,
				6879B0C8256FF23600A04684 /* img3.jpg */,
				6879B0D0256FF23600A04684 /* img4.png */,
				6879B0DA256FF23700A04684 /* img5.png */,
				6879B0D6256FF23700A04684 /* img6.png */,
				6879B0D2256FF23700A04684 /* img7.png */,
				6879B0D1256FF23600A04684 /* img8.png */,
				6879B0D4256FF23700A04684 /* img9.png */,
				6879B0C7256FF23600A04684 /* img10.jpg */,
				6879B0D7256FF23700A04684 /* img11.jpg */,
				6879B0F6257006FA00A04684 /* img11b.png */,
				6879B0C9256FF23600A04684 /* img13.jpg */,
				6879B0CD256FF23600A04684 /* img14.png */,
				6879B0CA256FF23600A04684 /* img15.jpg */,
				6879B0D5256FF23700A04684 /* img16.jpg */,
				6879B0CE256FF23600A04684 /* img17.png */,
				6879B0C4256FF23600A04684 /* img18.png */,
				6879B0D3256FF23700A04684 /* img19.png */,
				6879B0C6256FF23600A04684 /* img20.png */,
				6879B0FA25700D6400A04684 /* img20b.png */,
				6879B0D8256FF23700A04684 /* img21.png */,
				6879B0CF256FF23600A04684 /* wwdc-2020-100835422-large.jpg */,
			);
			path = "readme-assets";
			sourceTree = "<group>";
		};
		68821EB6256C2B7C002EED02 = {
			isa = PBXGroup;
			children = (
				68F2C7942571E95700EBA028 /* IAPHelper.xcodeproj */,
				68B571BD256D83FB007ED6F2 /* README.md */,
				6879B0C3256FEBC400A04684 /* readme-assets */,
				68821EC1256C2B7C002EED02 /* IAPDemo */,
				68821EC0256C2B7C002EED02 /* Products */,
				68821F8C256C327F002EED02 /* Frameworks */,
			);
			sourceTree = "<group>";
		};
		68821EC0256C2B7C002EED02 /* Products */ = {
			isa = PBXGroup;
			children = (
				68821EBF256C2B7C002EED02 /* IAPDemo.app */,
			);
			name = Products;
			sourceTree = "<group>";
		};
		68821EC1256C2B7C002EED02 /* IAPDemo */ = {
			isa = PBXGroup;
			children = (
				68821ED8256C2C29002EED02 /* Cells */,
				68821ED9256C2C3C002EED02 /* Support */,
				68821EDA256C2C44002EED02 /* ViewController */,
			);
			path = IAPDemo;
			sourceTree = "<group>";
		};
		68821ED8256C2C29002EED02 /* Cells */ = {
			isa = PBXGroup;
			children = (
				68821EDF256C2D73002EED02 /* ProductCell.swift */,
				68821EE2256C2DA6002EED02 /* RestoreCell.swift */,
			);
			path = Cells;
			sourceTree = "<group>";
		};
		68821ED9256C2C3C002EED02 /* Support */ = {
			isa = PBXGroup;
			children = (
				68F2C7A12571F0BF00EBA028 /* AppleIncRootCertificate.cer */,
				68F2C7A02571F0BF00EBA028 /* StoreKitTestCertificate.cer */,
				68821ED0256C2B7D002EED02 /* Info.plist */,
				68821F91256C33B8002EED02 /* ProductsRelease.plist */,
				68821F92256C33B8002EED02 /* Configuration.storekit */,
				68821EC2256C2B7C002EED02 /* AppDelegate.swift */,
				68821EC4256C2B7C002EED02 /* SceneDelegate.swift */,
				68821ECB256C2B7D002EED02 /* Assets.xcassets */,
				68821ECD256C2B7D002EED02 /* LaunchScreen.storyboard */,
			);
			path = Support;
			sourceTree = "<group>";
		};
		68821EDA256C2C44002EED02 /* ViewController */ = {
			isa = PBXGroup;
			children = (
				68821EC6256C2B7C002EED02 /* ViewController.swift */,
			);
			path = ViewController;
			sourceTree = "<group>";
		};
		68821F8C256C327F002EED02 /* Frameworks */ = {
			isa = PBXGroup;
			children = (
				68821F8D256C327F002EED02 /* StoreKit.framework */,
			);
			name = Frameworks;
			sourceTree = "<group>";
		};
		68F2C7952571E95700EBA028 /* Products */ = {
			isa = PBXGroup;
			children = (
				68F2C7992571E95700EBA028 /* IAPHelper.framework */,
			);
			name = Products;
			sourceTree = "<group>";
		};
/* End PBXGroup section */

/* Begin PBXNativeTarget section */
		68821EBE256C2B7C002EED02 /* IAPDemo */ = {
			isa = PBXNativeTarget;
			buildConfigurationList = 68821ED3256C2B7D002EED02 /* Build configuration list for PBXNativeTarget "IAPDemo" */;
			buildPhases = (
				68821EBB256C2B7C002EED02 /* Sources */,
				68821EBC256C2B7C002EED02 /* Frameworks */,
				68821EBD256C2B7C002EED02 /* Resources */,
				68F2C79E2571EAA700EBA028 /* Embed Frameworks */,
			);
			buildRules = (
			);
			dependencies = (
			);
			name = IAPDemo;
			productName = IAPDemo;
			productReference = 68821EBF256C2B7C002EED02 /* IAPDemo.app */;
			productType = "com.apple.product-type.application";
		};
/* End PBXNativeTarget section */

/* Begin PBXProject section */
		68821EB7256C2B7C002EED02 /* Project object */ = {
			isa = PBXProject;
			attributes = {
				LastSwiftUpdateCheck = 1220;
				LastUpgradeCheck = 1220;
				TargetAttributes = {
					68821EBE256C2B7C002EED02 = {
						CreatedOnToolsVersion = 12.2;
					};
				};
			};
			buildConfigurationList = 68821EBA256C2B7C002EED02 /* Build configuration list for PBXProject "IAPDemo" */;
			compatibilityVersion = "Xcode 12.0";
			developmentRegion = en;
			hasScannedForEncodings = 0;
			knownRegions = (
				en,
				Base,
			);
			mainGroup = 68821EB6256C2B7C002EED02;
			productRefGroup = 68821EC0256C2B7C002EED02 /* Products */;
			projectDirPath = "";
			projectReferences = (
				{
					ProductGroup = 68F2C7952571E95700EBA028 /* Products */;
					ProjectRef = 68F2C7942571E95700EBA028 /* IAPHelper.xcodeproj */;
				},
			);
			projectRoot = "";
			targets = (
				68821EBE256C2B7C002EED02 /* IAPDemo */,
			);
		};
/* End PBXProject section */

/* Begin PBXReferenceProxy section */
		68F2C7992571E95700EBA028 /* IAPHelper.framework */ = {
			isa = PBXReferenceProxy;
			fileType = wrapper.framework;
			path = IAPHelper.framework;
			remoteRef = 68F2C7982571E95700EBA028 /* PBXContainerItemProxy */;
			sourceTree = BUILT_PRODUCTS_DIR;
		};
/* End PBXReferenceProxy section */

/* Begin PBXResourcesBuildPhase section */
		68821EBD256C2B7C002EED02 /* Resources */ = {
			isa = PBXResourcesBuildPhase;
			buildActionMask = 2147483647;
			files = (
				68F2C7A22571F0BF00EBA028 /* StoreKitTestCertificate.cer in Resources */,
				6879B0F2256FF23700A04684 /* img5.png in Resources */,
				6879B0DF256FF23700A04684 /* img10.jpg in Resources */,
				6879B0EE256FF23700A04684 /* img6.png in Resources */,
				6879B0E3256FF23700A04684 /* demo.gif in Resources */,
				6879B0E2256FF23700A04684 /* img15.jpg in Resources */,
				68821F93256C33B8002EED02 /* ProductsRelease.plist in Resources */,
				6879B0FB25700D6400A04684 /* img20b.png in Resources */,
				6879B0EC256FF23700A04684 /* img9.png in Resources */,
				6879B0DD256FF23700A04684 /* img1.png in Resources */,
				6879B0EF256FF23700A04684 /* img11.jpg in Resources */,
				6879B0EB256FF23700A04684 /* img19.png in Resources */,
				6879B0EA256FF23700A04684 /* img7.png in Resources */,
				6879B0E6256FF23700A04684 /* img17.png in Resources */,
				68821F94256C33B8002EED02 /* Configuration.storekit in Resources */,
				68821ECF256C2B7D002EED02 /* LaunchScreen.storyboard in Resources */,
				6879B0E7256FF23700A04684 /* wwdc-2020-100835422-large.jpg in Resources */,
				6879B0E1256FF23700A04684 /* img13.jpg in Resources */,
				6879B0F7257006FA00A04684 /* img11b.png in Resources */,
				6879B0E0256FF23700A04684 /* img3.jpg in Resources */,
				6879B0DC256FF23700A04684 /* img18.png in Resources */,
				6879B0F0256FF23700A04684 /* img21.png in Resources */,
				6879B0E8256FF23700A04684 /* img4.png in Resources */,
				68821ECC256C2B7D002EED02 /* Assets.xcassets in Resources */,
				6879B0E4256FF23700A04684 /* img2.png in Resources */,
				6879B0E9256FF23700A04684 /* img8.png in Resources */,
				6879B0ED256FF23700A04684 /* img16.jpg in Resources */,
				6879B0E5256FF23700A04684 /* img14.png in Resources */,
				68F2C7A32571F0BF00EBA028 /* AppleIncRootCertificate.cer in Resources */,
				6879B0DE256FF23700A04684 /* img20.png in Resources */,
			);
			runOnlyForDeploymentPostprocessing = 0;
		};
/* End PBXResourcesBuildPhase section */

/* Begin PBXSourcesBuildPhase section */
		68821EBB256C2B7C002EED02 /* Sources */ = {
			isa = PBXSourcesBuildPhase;
			buildActionMask = 2147483647;
			files = (
				68821EC7256C2B7C002EED02 /* ViewController.swift in Sources */,
				68821EE3256C2DA6002EED02 /* RestoreCell.swift in Sources */,
				68821EE0256C2D73002EED02 /* ProductCell.swift in Sources */,
				68821EC3256C2B7C002EED02 /* AppDelegate.swift in Sources */,
				68821EC5256C2B7C002EED02 /* SceneDelegate.swift in Sources */,
			);
			runOnlyForDeploymentPostprocessing = 0;
		};
/* End PBXSourcesBuildPhase section */

/* Begin PBXVariantGroup section */
		68821ECD256C2B7D002EED02 /* LaunchScreen.storyboard */ = {
			isa = PBXVariantGroup;
			children = (
				68821ECE256C2B7D002EED02 /* Base */,
			);
			name = LaunchScreen.storyboard;
			sourceTree = "<group>";
		};
/* End PBXVariantGroup section */

/* Begin XCBuildConfiguration section */
		68821ED1256C2B7D002EED02 /* Debug */ = {
			isa = XCBuildConfiguration;
			buildSettings = {
				ALWAYS_SEARCH_USER_PATHS = NO;
				CLANG_ANALYZER_NONNULL = YES;
				CLANG_ANALYZER_NUMBER_OBJECT_CONVERSION = YES_AGGRESSIVE;
				CLANG_CXX_LANGUAGE_STANDARD = "gnu++14";
				CLANG_CXX_LIBRARY = "libc++";
				CLANG_ENABLE_MODULES = YES;
				CLANG_ENABLE_OBJC_ARC = YES;
				CLANG_ENABLE_OBJC_WEAK = YES;
				CLANG_WARN_BLOCK_CAPTURE_AUTORELEASING = YES;
				CLANG_WARN_BOOL_CONVERSION = YES;
				CLANG_WARN_COMMA = YES;
				CLANG_WARN_CONSTANT_CONVERSION = YES;
				CLANG_WARN_DEPRECATED_OBJC_IMPLEMENTATIONS = YES;
				CLANG_WARN_DIRECT_OBJC_ISA_USAGE = YES_ERROR;
				CLANG_WARN_DOCUMENTATION_COMMENTS = YES;
				CLANG_WARN_EMPTY_BODY = YES;
				CLANG_WARN_ENUM_CONVERSION = YES;
				CLANG_WARN_INFINITE_RECURSION = YES;
				CLANG_WARN_INT_CONVERSION = YES;
				CLANG_WARN_NON_LITERAL_NULL_CONVERSION = YES;
				CLANG_WARN_OBJC_IMPLICIT_RETAIN_SELF = YES;
				CLANG_WARN_OBJC_LITERAL_CONVERSION = YES;
				CLANG_WARN_OBJC_ROOT_CLASS = YES_ERROR;
				CLANG_WARN_QUOTED_INCLUDE_IN_FRAMEWORK_HEADER = YES;
				CLANG_WARN_RANGE_LOOP_ANALYSIS = YES;
				CLANG_WARN_STRICT_PROTOTYPES = YES;
				CLANG_WARN_SUSPICIOUS_MOVE = YES;
				CLANG_WARN_UNGUARDED_AVAILABILITY = YES_AGGRESSIVE;
				CLANG_WARN_UNREACHABLE_CODE = YES;
				CLANG_WARN__DUPLICATE_METHOD_MATCH = YES;
				COPY_PHASE_STRIP = NO;
				DEBUG_INFORMATION_FORMAT = dwarf;
				ENABLE_STRICT_OBJC_MSGSEND = YES;
				ENABLE_TESTABILITY = YES;
				GCC_C_LANGUAGE_STANDARD = gnu11;
				GCC_DYNAMIC_NO_PIC = NO;
				GCC_NO_COMMON_BLOCKS = YES;
				GCC_OPTIMIZATION_LEVEL = 0;
				GCC_PREPROCESSOR_DEFINITIONS = (
					"DEBUG=1",
					"$(inherited)",
				);
				GCC_WARN_64_TO_32_BIT_CONVERSION = YES;
				GCC_WARN_ABOUT_RETURN_TYPE = YES_ERROR;
				GCC_WARN_UNDECLARED_SELECTOR = YES;
				GCC_WARN_UNINITIALIZED_AUTOS = YES_AGGRESSIVE;
				GCC_WARN_UNUSED_FUNCTION = YES;
				GCC_WARN_UNUSED_VARIABLE = YES;
				IPHONEOS_DEPLOYMENT_TARGET = 14.2;
				MTL_ENABLE_DEBUG_INFO = INCLUDE_SOURCE;
				MTL_FAST_MATH = YES;
				ONLY_ACTIVE_ARCH = YES;
				SDKROOT = iphoneos;
				SWIFT_ACTIVE_COMPILATION_CONDITIONS = DEBUG;
				SWIFT_OPTIMIZATION_LEVEL = "-Onone";
			};
			name = Debug;
		};
		68821ED2256C2B7D002EED02 /* Release */ = {
			isa = XCBuildConfiguration;
			buildSettings = {
				ALWAYS_SEARCH_USER_PATHS = NO;
				CLANG_ANALYZER_NONNULL = YES;
				CLANG_ANALYZER_NUMBER_OBJECT_CONVERSION = YES_AGGRESSIVE;
				CLANG_CXX_LANGUAGE_STANDARD = "gnu++14";
				CLANG_CXX_LIBRARY = "libc++";
				CLANG_ENABLE_MODULES = YES;
				CLANG_ENABLE_OBJC_ARC = YES;
				CLANG_ENABLE_OBJC_WEAK = YES;
				CLANG_WARN_BLOCK_CAPTURE_AUTORELEASING = YES;
				CLANG_WARN_BOOL_CONVERSION = YES;
				CLANG_WARN_COMMA = YES;
				CLANG_WARN_CONSTANT_CONVERSION = YES;
				CLANG_WARN_DEPRECATED_OBJC_IMPLEMENTATIONS = YES;
				CLANG_WARN_DIRECT_OBJC_ISA_USAGE = YES_ERROR;
				CLANG_WARN_DOCUMENTATION_COMMENTS = YES;
				CLANG_WARN_EMPTY_BODY = YES;
				CLANG_WARN_ENUM_CONVERSION = YES;
				CLANG_WARN_INFINITE_RECURSION = YES;
				CLANG_WARN_INT_CONVERSION = YES;
				CLANG_WARN_NON_LITERAL_NULL_CONVERSION = YES;
				CLANG_WARN_OBJC_IMPLICIT_RETAIN_SELF = YES;
				CLANG_WARN_OBJC_LITERAL_CONVERSION = YES;
				CLANG_WARN_OBJC_ROOT_CLASS = YES_ERROR;
				CLANG_WARN_QUOTED_INCLUDE_IN_FRAMEWORK_HEADER = YES;
				CLANG_WARN_RANGE_LOOP_ANALYSIS = YES;
				CLANG_WARN_STRICT_PROTOTYPES = YES;
				CLANG_WARN_SUSPICIOUS_MOVE = YES;
				CLANG_WARN_UNGUARDED_AVAILABILITY = YES_AGGRESSIVE;
				CLANG_WARN_UNREACHABLE_CODE = YES;
				CLANG_WARN__DUPLICATE_METHOD_MATCH = YES;
				COPY_PHASE_STRIP = NO;
				DEBUG_INFORMATION_FORMAT = "dwarf-with-dsym";
				ENABLE_NS_ASSERTIONS = NO;
				ENABLE_STRICT_OBJC_MSGSEND = YES;
				GCC_C_LANGUAGE_STANDARD = gnu11;
				GCC_NO_COMMON_BLOCKS = YES;
				GCC_WARN_64_TO_32_BIT_CONVERSION = YES;
				GCC_WARN_ABOUT_RETURN_TYPE = YES_ERROR;
				GCC_WARN_UNDECLARED_SELECTOR = YES;
				GCC_WARN_UNINITIALIZED_AUTOS = YES_AGGRESSIVE;
				GCC_WARN_UNUSED_FUNCTION = YES;
				GCC_WARN_UNUSED_VARIABLE = YES;
				IPHONEOS_DEPLOYMENT_TARGET = 14.2;
				MTL_ENABLE_DEBUG_INFO = NO;
				MTL_FAST_MATH = YES;
				SDKROOT = iphoneos;
				SWIFT_COMPILATION_MODE = wholemodule;
				SWIFT_OPTIMIZATION_LEVEL = "-O";
				VALIDATE_PRODUCT = YES;
			};
			name = Release;
		};
		68821ED4256C2B7D002EED02 /* Debug */ = {
			isa = XCBuildConfiguration;
			buildSettings = {
				ARCHS = "$(ARCHS_STANDARD)";
				ASSETCATALOG_COMPILER_APPICON_NAME = AppIcon;
				ASSETCATALOG_COMPILER_GLOBAL_ACCENT_COLOR_NAME = AccentColor;
				CODE_SIGN_STYLE = Automatic;
				DEVELOPMENT_TEAM = R6BE99W3FU;
				HEADER_SEARCH_PATHS = "$(PROJECT_DIR)/IAPHelper/openssl-include";
				INFOPLIST_FILE = IAPDemo/Support/Info.plist;
				LD_GENERATE_MAP_FILE = NO;
				LD_RUNPATH_SEARCH_PATHS = (
					"$(inherited)",
					"@executable_path/Frameworks",
				);
				LIBRARY_SEARCH_PATHS = "";
				PRODUCT_BUNDLE_IDENTIFIER = com.rarcher.IAPDemo;
				PRODUCT_NAME = "$(TARGET_NAME)";
				SWIFT_OBJC_BRIDGING_HEADER = "";
				SWIFT_VERSION = 5.0;
				TARGETED_DEVICE_FAMILY = "1,2";
			};
			name = Debug;
		};
		68821ED5256C2B7D002EED02 /* Release */ = {
			isa = XCBuildConfiguration;
			buildSettings = {
				ARCHS = "$(ARCHS_STANDARD)";
				ASSETCATALOG_COMPILER_APPICON_NAME = AppIcon;
				ASSETCATALOG_COMPILER_GLOBAL_ACCENT_COLOR_NAME = AccentColor;
				CODE_SIGN_STYLE = Automatic;
				DEVELOPMENT_TEAM = R6BE99W3FU;
				HEADER_SEARCH_PATHS = "$(PROJECT_DIR)/IAPHelper/openssl-include";
				INFOPLIST_FILE = IAPDemo/Support/Info.plist;
				LD_GENERATE_MAP_FILE = NO;
				LD_RUNPATH_SEARCH_PATHS = (
					"$(inherited)",
					"@executable_path/Frameworks",
				);
				LIBRARY_SEARCH_PATHS = "";
				PRODUCT_BUNDLE_IDENTIFIER = com.rarcher.IAPDemo;
				PRODUCT_NAME = "$(TARGET_NAME)";
				SWIFT_OBJC_BRIDGING_HEADER = "";
				SWIFT_VERSION = 5.0;
				TARGETED_DEVICE_FAMILY = "1,2";
			};
			name = Release;
		};
/* End XCBuildConfiguration section */

/* Begin XCConfigurationList section */
		68821EBA256C2B7C002EED02 /* Build configuration list for PBXProject "IAPDemo" */ = {
			isa = XCConfigurationList;
			buildConfigurations = (
				68821ED1256C2B7D002EED02 /* Debug */,
				68821ED2256C2B7D002EED02 /* Release */,
			);
			defaultConfigurationIsVisible = 0;
			defaultConfigurationName = Release;
		};
		68821ED3256C2B7D002EED02 /* Build configuration list for PBXNativeTarget "IAPDemo" */ = {
			isa = XCConfigurationList;
			buildConfigurations = (
				68821ED4256C2B7D002EED02 /* Debug */,
				68821ED5256C2B7D002EED02 /* Release */,
			);
			defaultConfigurationIsVisible = 0;
			defaultConfigurationName = Release;
		};
/* End XCConfigurationList section */
	};
	rootObject = 68821EB7256C2B7C002EED02 /* Project object */;
}
