// !$*UTF8*$!
{
	archiveVersion = 1;
	classes = {
	};
	objectVersion = 54;
	objects = {

/* Begin PBXBuildFile section */
		685A3F7D2575594F00B9D1BC /* img30.png in Resources */ = {isa = PBXBuildFile; fileRef = 685A3F612575594F00B9D1BC /* img30.png */; };
		685A3F7E2575594F00B9D1BC /* img22.png in Resources */ = {isa = PBXBuildFile; fileRef = 685A3F652575594F00B9D1BC /* img22.png */; };
		685A3F7F2575594F00B9D1BC /* img26.png in Resources */ = {isa = PBXBuildFile; fileRef = 685A3F662575594F00B9D1BC /* img26.png */; };
		685A3F802575594F00B9D1BC /* img23.png in Resources */ = {isa = PBXBuildFile; fileRef = 685A3F672575594F00B9D1BC /* img23.png */; };
		685A3F812575594F00B9D1BC /* img33.png in Resources */ = {isa = PBXBuildFile; fileRef = 685A3F682575594F00B9D1BC /* img33.png */; };
		685A3F822575594F00B9D1BC /* img34.png in Resources */ = {isa = PBXBuildFile; fileRef = 685A3F692575594F00B9D1BC /* img34.png */; };
		685A3F832575594F00B9D1BC /* img46.png in Resources */ = {isa = PBXBuildFile; fileRef = 685A3F6A2575594F00B9D1BC /* img46.png */; };
		685A3F842575594F00B9D1BC /* img24.png in Resources */ = {isa = PBXBuildFile; fileRef = 685A3F6B2575594F00B9D1BC /* img24.png */; };
		685A3F852575594F00B9D1BC /* img29.png in Resources */ = {isa = PBXBuildFile; fileRef = 685A3F6C2575594F00B9D1BC /* img29.png */; };
		685A3F862575594F00B9D1BC /* img42.png in Resources */ = {isa = PBXBuildFile; fileRef = 685A3F6D2575594F00B9D1BC /* img42.png */; };
		685A3F872575594F00B9D1BC /* img37.png in Resources */ = {isa = PBXBuildFile; fileRef = 685A3F6E2575594F00B9D1BC /* img37.png */; };
		685A3F882575594F00B9D1BC /* img45.png in Resources */ = {isa = PBXBuildFile; fileRef = 685A3F6F2575594F00B9D1BC /* img45.png */; };
		685A3F892575594F00B9D1BC /* img43.png in Resources */ = {isa = PBXBuildFile; fileRef = 685A3F702575594F00B9D1BC /* img43.png */; };
		685A3F8A2575594F00B9D1BC /* img27.png in Resources */ = {isa = PBXBuildFile; fileRef = 685A3F712575594F00B9D1BC /* img27.png */; };
		685A3F8B2575594F00B9D1BC /* img35.png in Resources */ = {isa = PBXBuildFile; fileRef = 685A3F722575594F00B9D1BC /* img35.png */; };
		685A3F8C2575594F00B9D1BC /* img28.png in Resources */ = {isa = PBXBuildFile; fileRef = 685A3F732575594F00B9D1BC /* img28.png */; };
		685A3F8D2575594F00B9D1BC /* img25.png in Resources */ = {isa = PBXBuildFile; fileRef = 685A3F742575594F00B9D1BC /* img25.png */; };
		685A3F8E2575594F00B9D1BC /* img40.png in Resources */ = {isa = PBXBuildFile; fileRef = 685A3F752575594F00B9D1BC /* img40.png */; };
		685A3F8F2575594F00B9D1BC /* img32.png in Resources */ = {isa = PBXBuildFile; fileRef = 685A3F762575594F00B9D1BC /* img32.png */; };
		685A3F902575594F00B9D1BC /* img31.png in Resources */ = {isa = PBXBuildFile; fileRef = 685A3F772575594F00B9D1BC /* img31.png */; };
		685A3F912575594F00B9D1BC /* img44.png in Resources */ = {isa = PBXBuildFile; fileRef = 685A3F782575594F00B9D1BC /* img44.png */; };
		685A3F922575594F00B9D1BC /* img41.png in Resources */ = {isa = PBXBuildFile; fileRef = 685A3F792575594F00B9D1BC /* img41.png */; };
		685A3F932575594F00B9D1BC /* img38.png in Resources */ = {isa = PBXBuildFile; fileRef = 685A3F7A2575594F00B9D1BC /* img38.png */; };
		685A3F942575594F00B9D1BC /* img39.png in Resources */ = {isa = PBXBuildFile; fileRef = 685A3F7B2575594F00B9D1BC /* img39.png */; };
		685A3F952575594F00B9D1BC /* img36.png in Resources */ = {isa = PBXBuildFile; fileRef = 685A3F7C2575594F00B9D1BC /* img36.png */; };
		685FDD3725742DFD00360C5B /* IAPHelper.framework in Frameworks */ = {isa = PBXBuildFile; fileRef = 685FDD3025742DE800360C5B /* IAPHelper.framework */; };
		685FDD3825742DFD00360C5B /* IAPHelper.framework in Embed Frameworks */ = {isa = PBXBuildFile; fileRef = 685FDD3025742DE800360C5B /* IAPHelper.framework */; settings = {ATTRIBUTES = (CodeSignOnCopy, RemoveHeadersOnCopy, ); }; };
		6879B0DC256FF23700A04684 /* img18.png in Resources */ = {isa = PBXBuildFile; fileRef = 6879B0C4256FF23600A04684 /* img18.png */; };
		6879B0DD256FF23700A04684 /* img1.png in Resources */ = {isa = PBXBuildFile; fileRef = 6879B0C5256FF23600A04684 /* img1.png */; };
		6879B0DE256FF23700A04684 /* img20.png in Resources */ = {isa = PBXBuildFile; fileRef = 6879B0C6256FF23600A04684 /* img20.png */; };
		6879B0DF256FF23700A04684 /* img10.jpg in Resources */ = {isa = PBXBuildFile; fileRef = 6879B0C7256FF23600A04684 /* img10.jpg */; };
		6879B0E0256FF23700A04684 /* img3.jpg in Resources */ = {isa = PBXBuildFile; fileRef = 6879B0C8256FF23600A04684 /* img3.jpg */; };
		6879B0E1256FF23700A04684 /* img13.jpg in Resources */ = {isa = PBXBuildFile; fileRef = 6879B0C9256FF23600A04684 /* img13.jpg */; };
		6879B0E2256FF23700A04684 /* img15.jpg in Resources */ = {isa = PBXBuildFile; fileRef = 6879B0CA256FF23600A04684 /* img15.jpg */; };
		6879B0E3256FF23700A04684 /* demo.gif in Resources */ = {isa = PBXBuildFile; fileRef = 6879B0CB256FF23600A04684 /* demo.gif */; };
		6879B0E4256FF23700A04684 /* img2.png in Resources */ = {isa = PBXBuildFile; fileRef = 6879B0CC256FF23600A04684 /* img2.png */; };
		6879B0E5256FF23700A04684 /* img14.png in Resources */ = {isa = PBXBuildFile; fileRef = 6879B0CD256FF23600A04684 /* img14.png */; };
		6879B0E6256FF23700A04684 /* img17.png in Resources */ = {isa = PBXBuildFile; fileRef = 6879B0CE256FF23600A04684 /* img17.png */; };
		6879B0E7256FF23700A04684 /* wwdc-2020-100835422-large.jpg in Resources */ = {isa = PBXBuildFile; fileRef = 6879B0CF256FF23600A04684 /* wwdc-2020-100835422-large.jpg */; };
		6879B0E8256FF23700A04684 /* img4.png in Resources */ = {isa = PBXBuildFile; fileRef = 6879B0D0256FF23600A04684 /* img4.png */; };
		6879B0E9256FF23700A04684 /* img8.png in Resources */ = {isa = PBXBuildFile; fileRef = 6879B0D1256FF23600A04684 /* img8.png */; };
		6879B0EA256FF23700A04684 /* img7.png in Resources */ = {isa = PBXBuildFile; fileRef = 6879B0D2256FF23700A04684 /* img7.png */; };
		6879B0EB256FF23700A04684 /* img19.png in Resources */ = {isa = PBXBuildFile; fileRef = 6879B0D3256FF23700A04684 /* img19.png */; };
		6879B0EC256FF23700A04684 /* img9.png in Resources */ = {isa = PBXBuildFile; fileRef = 6879B0D4256FF23700A04684 /* img9.png */; };
		6879B0ED256FF23700A04684 /* img16.jpg in Resources */ = {isa = PBXBuildFile; fileRef = 6879B0D5256FF23700A04684 /* img16.jpg */; };
		6879B0EE256FF23700A04684 /* img6.png in Resources */ = {isa = PBXBuildFile; fileRef = 6879B0D6256FF23700A04684 /* img6.png */; };
		6879B0EF256FF23700A04684 /* img11.jpg in Resources */ = {isa = PBXBuildFile; fileRef = 6879B0D7256FF23700A04684 /* img11.jpg */; };
		6879B0F0256FF23700A04684 /* img21.png in Resources */ = {isa = PBXBuildFile; fileRef = 6879B0D8256FF23700A04684 /* img21.png */; };
		6879B0F2256FF23700A04684 /* img5.png in Resources */ = {isa = PBXBuildFile; fileRef = 6879B0DA256FF23700A04684 /* img5.png */; };
		6879B0F7257006FA00A04684 /* img11b.png in Resources */ = {isa = PBXBuildFile; fileRef = 6879B0F6257006FA00A04684 /* img11b.png */; };
		6879B0FB25700D6400A04684 /* img20b.png in Resources */ = {isa = PBXBuildFile; fileRef = 6879B0FA25700D6400A04684 /* img20b.png */; };
		68821EC3256C2B7C002EED02 /* AppDelegate.swift in Sources */ = {isa = PBXBuildFile; fileRef = 68821EC2256C2B7C002EED02 /* AppDelegate.swift */; };
		68821EC5256C2B7C002EED02 /* SceneDelegate.swift in Sources */ = {isa = PBXBuildFile; fileRef = 68821EC4256C2B7C002EED02 /* SceneDelegate.swift */; };
		68821EC7256C2B7C002EED02 /* ViewController.swift in Sources */ = {isa = PBXBuildFile; fileRef = 68821EC6256C2B7C002EED02 /* ViewController.swift */; };
		68821ECC256C2B7D002EED02 /* Assets.xcassets in Resources */ = {isa = PBXBuildFile; fileRef = 68821ECB256C2B7D002EED02 /* Assets.xcassets */; };
		68821ECF256C2B7D002EED02 /* LaunchScreen.storyboard in Resources */ = {isa = PBXBuildFile; fileRef = 68821ECD256C2B7D002EED02 /* LaunchScreen.storyboard */; };
		68821EE0256C2D73002EED02 /* ProductCell.swift in Sources */ = {isa = PBXBuildFile; fileRef = 68821EDF256C2D73002EED02 /* ProductCell.swift */; };
		68821EE3256C2DA6002EED02 /* RestoreCell.swift in Sources */ = {isa = PBXBuildFile; fileRef = 68821EE2256C2DA6002EED02 /* RestoreCell.swift */; };
		68821F8E256C327F002EED02 /* StoreKit.framework in Frameworks */ = {isa = PBXBuildFile; fileRef = 68821F8D256C327F002EED02 /* StoreKit.framework */; };
		68821F93256C33B8002EED02 /* ProductsRelease.plist in Resources */ = {isa = PBXBuildFile; fileRef = 68821F91256C33B8002EED02 /* ProductsRelease.plist */; };
		68821F94256C33B8002EED02 /* Configuration.storekit in Resources */ = {isa = PBXBuildFile; fileRef = 68821F92256C33B8002EED02 /* Configuration.storekit */; };
		68F2C7A22571F0BF00EBA028 /* StoreKitTestCertificate.cer in Resources */ = {isa = PBXBuildFile; fileRef = 68F2C7A02571F0BF00EBA028 /* StoreKitTestCertificate.cer */; };
		68F2C7A32571F0BF00EBA028 /* AppleIncRootCertificate.cer in Resources */ = {isa = PBXBuildFile; fileRef = 68F2C7A12571F0BF00EBA028 /* AppleIncRootCertificate.cer */; };
/* End PBXBuildFile section */

/* Begin PBXContainerItemProxy section */
		685FDD2F25742DE800360C5B /* PBXContainerItemProxy */ = {
			isa = PBXContainerItemProxy;
			containerPortal = 685FDC8F25742DE800360C5B /* IAPHelper.xcodeproj */;
			proxyType = 2;
			remoteGlobalIDString = 68B486D22571DA3F00770C1F;
			remoteInfo = IAPHelper;
		};
		685FDD3125742DE800360C5B /* PBXContainerItemProxy */ = {
			isa = PBXContainerItemProxy;
			containerPortal = 685FDC8F25742DE800360C5B /* IAPHelper.xcodeproj */;
			proxyType = 2;
			remoteGlobalIDString = 6874E6872572D59A006CA636;
			remoteInfo = IAPHelperTests;
		};
		685FDD3325742DE800360C5B /* PBXContainerItemProxy */ = {
			isa = PBXContainerItemProxy;
			containerPortal = 685FDC8F25742DE800360C5B /* IAPHelper.xcodeproj */;
			proxyType = 2;
			remoteGlobalIDString = 684B21B22573CDDA00E635FC;
			remoteInfo = IAPHelperTestHost;
		};
/* End PBXContainerItemProxy section */

/* Begin PBXCopyFilesBuildPhase section */
		68F2C79E2571EAA700EBA028 /* Embed Frameworks */ = {
			isa = PBXCopyFilesBuildPhase;
			buildActionMask = 2147483647;
			dstPath = "";
			dstSubfolderSpec = 10;
			files = (
				685FDD3825742DFD00360C5B /* IAPHelper.framework in Embed Frameworks */,
			);
			name = "Embed Frameworks";
			runOnlyForDeploymentPostprocessing = 0;
		};
/* End PBXCopyFilesBuildPhase section */

/* Begin PBXFileReference section */
		685A3F612575594F00B9D1BC /* img30.png */ = {isa = PBXFileReference; lastKnownFileType = image.png; path = img30.png; sourceTree = "<group>"; };
		685A3F652575594F00B9D1BC /* img22.png */ = {isa = PBXFileReference; lastKnownFileType = image.png; path = img22.png; sourceTree = "<group>"; };
		685A3F662575594F00B9D1BC /* img26.png */ = {isa = PBXFileReference; lastKnownFileType = image.png; path = img26.png; sourceTree = "<group>"; };
		685A3F672575594F00B9D1BC /* img23.png */ = {isa = PBXFileReference; lastKnownFileType = image.png; path = img23.png; sourceTree = "<group>"; };
		685A3F682575594F00B9D1BC /* img33.png */ = {isa = PBXFileReference; lastKnownFileType = image.png; path = img33.png; sourceTree = "<group>"; };
		685A3F692575594F00B9D1BC /* img34.png */ = {isa = PBXFileReference; lastKnownFileType = image.png; path = img34.png; sourceTree = "<group>"; };
		685A3F6A2575594F00B9D1BC /* img46.png */ = {isa = PBXFileReference; lastKnownFileType = image.png; path = img46.png; sourceTree = "<group>"; };
		685A3F6B2575594F00B9D1BC /* img24.png */ = {isa = PBXFileReference; lastKnownFileType = image.png; path = img24.png; sourceTree = "<group>"; };
		685A3F6C2575594F00B9D1BC /* img29.png */ = {isa = PBXFileReference; lastKnownFileType = image.png; path = img29.png; sourceTree = "<group>"; };
		685A3F6D2575594F00B9D1BC /* img42.png */ = {isa = PBXFileReference; lastKnownFileType = image.png; path = img42.png; sourceTree = "<group>"; };
		685A3F6E2575594F00B9D1BC /* img37.png */ = {isa = PBXFileReference; lastKnownFileType = image.png; path = img37.png; sourceTree = "<group>"; };
		685A3F6F2575594F00B9D1BC /* img45.png */ = {isa = PBXFileReference; lastKnownFileType = image.png; path = img45.png; sourceTree = "<group>"; };
		685A3F702575594F00B9D1BC /* img43.png */ = {isa = PBXFileReference; lastKnownFileType = image.png; path = img43.png; sourceTree = "<group>"; };
		685A3F712575594F00B9D1BC /* img27.png */ = {isa = PBXFileReference; lastKnownFileType = image.png; path = img27.png; sourceTree = "<group>"; };
		685A3F722575594F00B9D1BC /* img35.png */ = {isa = PBXFileReference; lastKnownFileType = image.png; path = img35.png; sourceTree = "<group>"; };
		685A3F732575594F00B9D1BC /* img28.png */ = {isa = PBXFileReference; lastKnownFileType = image.png; path = img28.png; sourceTree = "<group>"; };
		685A3F742575594F00B9D1BC /* img25.png */ = {isa = PBXFileReference; lastKnownFileType = image.png; path = img25.png; sourceTree = "<group>"; };
		685A3F752575594F00B9D1BC /* img40.png */ = {isa = PBXFileReference; lastKnownFileType = image.png; path = img40.png; sourceTree = "<group>"; };
		685A3F762575594F00B9D1BC /* img32.png */ = {isa = PBXFileReference; lastKnownFileType = image.png; path = img32.png; sourceTree = "<group>"; };
		685A3F772575594F00B9D1BC /* img31.png */ = {isa = PBXFileReference; lastKnownFileType = image.png; path = img31.png; sourceTree = "<group>"; };
		685A3F782575594F00B9D1BC /* img44.png */ = {isa = PBXFileReference; lastKnownFileType = image.png; path = img44.png; sourceTree = "<group>"; };
		685A3F792575594F00B9D1BC /* img41.png */ = {isa = PBXFileReference; lastKnownFileType = image.png; path = img41.png; sourceTree = "<group>"; };
		685A3F7A2575594F00B9D1BC /* img38.png */ = {isa = PBXFileReference; lastKnownFileType = image.png; path = img38.png; sourceTree = "<group>"; };
		685A3F7B2575594F00B9D1BC /* img39.png */ = {isa = PBXFileReference; lastKnownFileType = image.png; path = img39.png; sourceTree = "<group>"; };
		685A3F7C2575594F00B9D1BC /* img36.png */ = {isa = PBXFileReference; lastKnownFileType = image.png; path = img36.png; sourceTree = "<group>"; };
		685FDC7725742DE800360C5B /* img21.png */ = {isa = PBXFileReference; lastKnownFileType = image.png; path = img21.png; sourceTree = "<group>"; };
		685FDC7825742DE800360C5B /* img20.png */ = {isa = PBXFileReference; lastKnownFileType = image.png; path = img20.png; sourceTree = "<group>"; };
		685FDC7925742DE800360C5B /* img18.png */ = {isa = PBXFileReference; lastKnownFileType = image.png; path = img18.png; sourceTree = "<group>"; };
		685FDC7A25742DE800360C5B /* img19.png */ = {isa = PBXFileReference; lastKnownFileType = image.png; path = img19.png; sourceTree = "<group>"; };
		685FDC7B25742DE800360C5B /* img9.png */ = {isa = PBXFileReference; lastKnownFileType = image.png; path = img9.png; sourceTree = "<group>"; };
		685FDC7C25742DE800360C5B /* wwdc-2020-100835422-large.jpg */ = {isa = PBXFileReference; lastKnownFileType = image.jpeg; path = "wwdc-2020-100835422-large.jpg"; sourceTree = "<group>"; };
		685FDC7D25742DE800360C5B /* img8.png */ = {isa = PBXFileReference; lastKnownFileType = image.png; path = img8.png; sourceTree = "<group>"; };
		685FDC7E25742DE800360C5B /* img5.png */ = {isa = PBXFileReference; lastKnownFileType = image.png; path = img5.png; sourceTree = "<group>"; };
		685FDC7F25742DE800360C5B /* img20b.png */ = {isa = PBXFileReference; lastKnownFileType = image.png; path = img20b.png; sourceTree = "<group>"; };
		685FDC8025742DE800360C5B /* img4.png */ = {isa = PBXFileReference; lastKnownFileType = image.png; path = img4.png; sourceTree = "<group>"; };
		685FDC8125742DE800360C5B /* img6.png */ = {isa = PBXFileReference; lastKnownFileType = image.png; path = img6.png; sourceTree = "<group>"; };
		685FDC8225742DE800360C5B /* img7.png */ = {isa = PBXFileReference; lastKnownFileType = image.png; path = img7.png; sourceTree = "<group>"; };
		685FDC8325742DE800360C5B /* img3.jpg */ = {isa = PBXFileReference; lastKnownFileType = image.jpeg; path = img3.jpg; sourceTree = "<group>"; };
		685FDC8425742DE800360C5B /* img2.png */ = {isa = PBXFileReference; lastKnownFileType = image.png; path = img2.png; sourceTree = "<group>"; };
		685FDC8525742DE800360C5B /* img1.png */ = {isa = PBXFileReference; lastKnownFileType = image.png; path = img1.png; sourceTree = "<group>"; };
		685FDC8625742DE800360C5B /* img17.png */ = {isa = PBXFileReference; lastKnownFileType = image.png; path = img17.png; sourceTree = "<group>"; };
		685FDC8725742DE800360C5B /* img16.jpg */ = {isa = PBXFileReference; lastKnownFileType = image.jpeg; path = img16.jpg; sourceTree = "<group>"; };
		685FDC8825742DE800360C5B /* img14.png */ = {isa = PBXFileReference; lastKnownFileType = image.png; path = img14.png; sourceTree = "<group>"; };
		685FDC8925742DE800360C5B /* img15.jpg */ = {isa = PBXFileReference; lastKnownFileType = image.jpeg; path = img15.jpg; sourceTree = "<group>"; };
		685FDC8A25742DE800360C5B /* img11.jpg */ = {isa = PBXFileReference; lastKnownFileType = image.jpeg; path = img11.jpg; sourceTree = "<group>"; };
		685FDC8B25742DE800360C5B /* img10.jpg */ = {isa = PBXFileReference; lastKnownFileType = image.jpeg; path = img10.jpg; sourceTree = "<group>"; };
		685FDC8C25742DE800360C5B /* demo.gif */ = {isa = PBXFileReference; lastKnownFileType = image.gif; path = demo.gif; sourceTree = "<group>"; };
		685FDC8D25742DE800360C5B /* img11b.png */ = {isa = PBXFileReference; lastKnownFileType = image.png; path = img11b.png; sourceTree = "<group>"; };
		685FDC8E25742DE800360C5B /* img13.jpg */ = {isa = PBXFileReference; lastKnownFileType = image.jpeg; path = img13.jpg; sourceTree = "<group>"; };
		685FDC8F25742DE800360C5B /* IAPHelper.xcodeproj */ = {isa = PBXFileReference; lastKnownFileType = "wrapper.pb-project"; path = IAPHelper.xcodeproj; sourceTree = "<group>"; };
		685FDC9325742DE800360C5B /* ViewController.swift */ = {isa = PBXFileReference; lastKnownFileType = sourcecode.swift; path = ViewController.swift; sourceTree = "<group>"; };
		685FDC9425742DE800360C5B /* ProductsRelease.plist */ = {isa = PBXFileReference; lastKnownFileType = text.plist.xml; path = ProductsRelease.plist; sourceTree = "<group>"; };
		685FDC9525742DE800360C5B /* StoreKitTestCertificate.cer */ = {isa = PBXFileReference; lastKnownFileType = file; path = StoreKitTestCertificate.cer; sourceTree = "<group>"; };
		685FDC9625742DE800360C5B /* AppleIncRootCertificate.cer */ = {isa = PBXFileReference; lastKnownFileType = file; path = AppleIncRootCertificate.cer; sourceTree = "<group>"; };
		685FDC9725742DE800360C5B /* Assets.xcassets */ = {isa = PBXFileReference; lastKnownFileType = folder.assetcatalog; path = Assets.xcassets; sourceTree = "<group>"; };
		685FDC9825742DE800360C5B /* Configuration.storekit */ = {isa = PBXFileReference; lastKnownFileType = text; path = Configuration.storekit; sourceTree = "<group>"; };
		685FDC9A25742DE800360C5B /* Base */ = {isa = PBXFileReference; lastKnownFileType = file.storyboard; name = Base; path = Base.lproj/LaunchScreen.storyboard; sourceTree = "<group>"; };
		685FDC9B25742DE800360C5B /* AppDelegate.swift */ = {isa = PBXFileReference; lastKnownFileType = sourcecode.swift; path = AppDelegate.swift; sourceTree = "<group>"; };
		685FDC9C25742DE800360C5B /* Info.plist */ = {isa = PBXFileReference; lastKnownFileType = text.plist.xml; path = Info.plist; sourceTree = "<group>"; };
		685FDC9D25742DE800360C5B /* SceneDelegate.swift */ = {isa = PBXFileReference; lastKnownFileType = sourcecode.swift; path = SceneDelegate.swift; sourceTree = "<group>"; };
		685FDC9F25742DE800360C5B /* IAPHelperTests.swift */ = {isa = PBXFileReference; lastKnownFileType = sourcecode.swift; path = IAPHelperTests.swift; sourceTree = "<group>"; };
		685FDCA025742DE800360C5B /* Info.plist */ = {isa = PBXFileReference; lastKnownFileType = text.plist.xml; path = Info.plist; sourceTree = "<group>"; };
		685FDCA125742DE800360C5B /* README.md */ = {isa = PBXFileReference; lastKnownFileType = net.daringfireball.markdown; path = README.md; sourceTree = "<group>"; };
		685FDCA425742DE800360C5B /* pem2.h */ = {isa = PBXFileReference; lastKnownFileType = sourcecode.c.h; path = pem2.h; sourceTree = "<group>"; };
		685FDCA525742DE800360C5B /* kdf.h */ = {isa = PBXFileReference; lastKnownFileType = sourcecode.c.h; path = kdf.h; sourceTree = "<group>"; };
		685FDCA625742DE800360C5B /* pem.h */ = {isa = PBXFileReference; lastKnownFileType = sourcecode.c.h; path = pem.h; sourceTree = "<group>"; };
		685FDCA725742DE800360C5B /* asyncerr.h */ = {isa = PBXFileReference; lastKnownFileType = sourcecode.c.h; path = asyncerr.h; sourceTree = "<group>"; };
		685FDCA825742DE800360C5B /* md2.h */ = {isa = PBXFileReference; lastKnownFileType = sourcecode.c.h; path = md2.h; sourceTree = "<group>"; };
		685FDCA925742DE800360C5B /* ssl3.h */ = {isa = PBXFileReference; lastKnownFileType = sourcecode.c.h; path = ssl3.h; sourceTree = "<group>"; };
		685FDCAA25742DE800360C5B /* ossl_typ.h */ = {isa = PBXFileReference; lastKnownFileType = sourcecode.c.h; path = ossl_typ.h; sourceTree = "<group>"; };
		685FDCAB25742DE800360C5B /* dtls1.h */ = {isa = PBXFileReference; lastKnownFileType = sourcecode.c.h; path = dtls1.h; sourceTree = "<group>"; };
		685FDCAC25742DE800360C5B /* err.h */ = {isa = PBXFileReference; lastKnownFileType = sourcecode.c.h; path = err.h; sourceTree = "<group>"; };
		685FDCAD25742DE800360C5B /* bn.h */ = {isa = PBXFileReference; lastKnownFileType = sourcecode.c.h; path = bn.h; sourceTree = "<group>"; };
		685FDCAE25742DE800360C5B /* inttypes.h */ = {isa = PBXFileReference; lastKnownFileType = sourcecode.c.h; path = inttypes.h; sourceTree = "<group>"; };
		685FDCAF25742DE800360C5B /* blowfish.h */ = {isa = PBXFileReference; lastKnownFileType = sourcecode.c.h; path = blowfish.h; sourceTree = "<group>"; };
		685FDCB025742DE800360C5B /* cms.h */ = {isa = PBXFileReference; lastKnownFileType = sourcecode.c.h; path = cms.h; sourceTree = "<group>"; };
		685FDCB125742DE800360C5B /* engine.h */ = {isa = PBXFileReference; lastKnownFileType = sourcecode.c.h; path = engine.h; sourceTree = "<group>"; };
		685FDCB225742DE800360C5B /* conf_api.h */ = {isa = PBXFileReference; lastKnownFileType = sourcecode.c.h; path = conf_api.h; sourceTree = "<group>"; };
		685FDCB325742DE800360C5B /* x509.h */ = {isa = PBXFileReference; lastKnownFileType = sourcecode.c.h; path = x509.h; sourceTree = "<group>"; };
		685FDCB425742DE800360C5B /* asn1_mac.h */ = {isa = PBXFileReference; lastKnownFileType = sourcecode.c.h; path = asn1_mac.h; sourceTree = "<group>"; };
		685FDCB525742DE800360C5B /* objectserr.h */ = {isa = PBXFileReference; lastKnownFileType = sourcecode.c.h; path = objectserr.h; sourceTree = "<group>"; };
		685FDCB625742DE800360C5B /* cmserr.h */ = {isa = PBXFileReference; lastKnownFileType = sourcecode.c.h; path = cmserr.h; sourceTree = "<group>"; };
		685FDCB725742DE800360C5B /* ui.h */ = {isa = PBXFileReference; lastKnownFileType = sourcecode.c.h; path = ui.h; sourceTree = "<group>"; };
		685FDCB825742DE800360C5B /* sha.h */ = {isa = PBXFileReference; lastKnownFileType = sourcecode.c.h; path = sha.h; sourceTree = "<group>"; };
		685FDCB925742DE800360C5B /* symhacks.h */ = {isa = PBXFileReference; lastKnownFileType = sourcecode.c.h; path = symhacks.h; sourceTree = "<group>"; };
		685FDCBA25742DE800360C5B /* asn1.h */ = {isa = PBXFileReference; lastKnownFileType = sourcecode.c.h; path = asn1.h; sourceTree = "<group>"; };
		685FDCBB25742DE800360C5B /* bioerr.h */ = {isa = PBXFileReference; lastKnownFileType = sourcecode.c.h; path = bioerr.h; sourceTree = "<group>"; };
		685FDCBC25742DE800360C5B /* opensslconf.h */ = {isa = PBXFileReference; lastKnownFileType = sourcecode.c.h; path = opensslconf.h; sourceTree = "<group>"; };
		685FDCBD25742DE800360C5B /* bio.h */ = {isa = PBXFileReference; lastKnownFileType = sourcecode.c.h; path = bio.h; sourceTree = "<group>"; };
		685FDCBE25742DE800360C5B /* rc2.h */ = {isa = PBXFileReference; lastKnownFileType = sourcecode.c.h; path = rc2.h; sourceTree = "<group>"; };
		685FDCBF25742DE800360C5B /* dh.h */ = {isa = PBXFileReference; lastKnownFileType = sourcecode.c.h; path = dh.h; sourceTree = "<group>"; };
		685FDCC025742DE800360C5B /* x509v3.h */ = {isa = PBXFileReference; lastKnownFileType = sourcecode.c.h; path = x509v3.h; sourceTree = "<group>"; };
		685FDCC125742DE800360C5B /* conf.h */ = {isa = PBXFileReference; lastKnownFileType = sourcecode.c.h; path = conf.h; sourceTree = "<group>"; };
		685FDCC225742DE800360C5B /* rand_drbg.h */ = {isa = PBXFileReference; lastKnownFileType = sourcecode.c.h; path = rand_drbg.h; sourceTree = "<group>"; };
		685FDCC325742DE800360C5B /* md5.h */ = {isa = PBXFileReference; lastKnownFileType = sourcecode.c.h; path = md5.h; sourceTree = "<group>"; };
		685FDCC425742DE800360C5B /* pemerr.h */ = {isa = PBXFileReference; lastKnownFileType = sourcecode.c.h; path = pemerr.h; sourceTree = "<group>"; };
		685FDCC525742DE800360C5B /* asn1_locl.h */ = {isa = PBXFileReference; lastKnownFileType = sourcecode.c.h; path = asn1_locl.h; sourceTree = "<group>"; };
		685FDCC625742DE800360C5B /* x509_vfy.h */ = {isa = PBXFileReference; lastKnownFileType = sourcecode.c.h; path = x509_vfy.h; sourceTree = "<group>"; };
		685FDCC725742DE800360C5B /* txt_db.h */ = {isa = PBXFileReference; lastKnownFileType = sourcecode.c.h; path = txt_db.h; sourceTree = "<group>"; };
		685FDCC825742DE800360C5B /* comperr.h */ = {isa = PBXFileReference; lastKnownFileType = sourcecode.c.h; path = comperr.h; sourceTree = "<group>"; };
		685FDCC925742DE800360C5B /* cterr.h */ = {isa = PBXFileReference; lastKnownFileType = sourcecode.c.h; path = cterr.h; sourceTree = "<group>"; };
		685FDCCA25742DE800360C5B /* safestack.h */ = {isa = PBXFileReference; lastKnownFileType = sourcecode.c.h; path = safestack.h; sourceTree = "<group>"; };
		685FDCCB25742DE800360C5B /* ecdsa.h */ = {isa = PBXFileReference; lastKnownFileType = sourcecode.c.h; path = ecdsa.h; sourceTree = "<group>"; };
		685FDCCC25742DE800360C5B /* sslerr.h */ = {isa = PBXFileReference; lastKnownFileType = sourcecode.c.h; path = sslerr.h; sourceTree = "<group>"; };
		685FDCCD25742DE800360C5B /* rc5.h */ = {isa = PBXFileReference; lastKnownFileType = sourcecode.c.h; path = rc5.h; sourceTree = "<group>"; };
		685FDCCE25742DE800360C5B /* uierr.h */ = {isa = PBXFileReference; lastKnownFileType = sourcecode.c.h; path = uierr.h; sourceTree = "<group>"; };
		685FDCCF25742DE800360C5B /* x509v3err.h */ = {isa = PBXFileReference; lastKnownFileType = sourcecode.c.h; path = x509v3err.h; sourceTree = "<group>"; };
		685FDCD025742DE800360C5B /* objects.h */ = {isa = PBXFileReference; lastKnownFileType = sourcecode.c.h; path = objects.h; sourceTree = "<group>"; };
		685FDCD125742DE800360C5B /* pkcs12.h */ = {isa = PBXFileReference; lastKnownFileType = sourcecode.c.h; path = pkcs12.h; sourceTree = "<group>"; };
		685FDCD225742DE800360C5B /* crypto.h */ = {isa = PBXFileReference; lastKnownFileType = sourcecode.c.h; path = crypto.h; sourceTree = "<group>"; };
		685FDCD325742DE800360C5B /* opensslv.h */ = {isa = PBXFileReference; lastKnownFileType = sourcecode.c.h; path = opensslv.h; sourceTree = "<group>"; };
		685FDCD425742DE800360C5B /* evperr.h */ = {isa = PBXFileReference; lastKnownFileType = sourcecode.c.h; path = evperr.h; sourceTree = "<group>"; };
		685FDCD525742DE800360C5B /* pkcs7.h */ = {isa = PBXFileReference; lastKnownFileType = sourcecode.c.h; path = pkcs7.h; sourceTree = "<group>"; };
		685FDCD625742DE800360C5B /* obj_mac.h */ = {isa = PBXFileReference; lastKnownFileType = sourcecode.c.h; path = obj_mac.h; sourceTree = "<group>"; };
		685FDCD725742DE800360C5B /* ct.h */ = {isa = PBXFileReference; lastKnownFileType = sourcecode.c.h; path = ct.h; sourceTree = "<group>"; };
		685FDCD825742DE800360C5B /* async.h */ = {isa = PBXFileReference; lastKnownFileType = sourcecode.c.h; path = async.h; sourceTree = "<group>"; };
		685FDCD925742DE800360C5B /* buffer.h */ = {isa = PBXFileReference; lastKnownFileType = sourcecode.c.h; path = buffer.h; sourceTree = "<group>"; };
		685FDCDA25742DE800360C5B /* ssl.h */ = {isa = PBXFileReference; lastKnownFileType = sourcecode.c.h; path = ssl.h; sourceTree = "<group>"; };
		685FDCDB25742DE800360C5B /* srp.h */ = {isa = PBXFileReference; lastKnownFileType = sourcecode.c.h; path = srp.h; sourceTree = "<group>"; };
		685FDCDC25742DE800360C5B /* camellia.h */ = {isa = PBXFileReference; lastKnownFileType = sourcecode.c.h; path = camellia.h; sourceTree = "<group>"; };
		685FDCDD25742DE800360C5B /* dherr.h */ = {isa = PBXFileReference; lastKnownFileType = sourcecode.c.h; path = dherr.h; sourceTree = "<group>"; };
		685FDCDE25742DE800360C5B /* evp.h */ = {isa = PBXFileReference; lastKnownFileType = sourcecode.c.h; path = evp.h; sourceTree = "<group>"; };
		685FDCDF25742DE800360C5B /* e_os2.h */ = {isa = PBXFileReference; lastKnownFileType = sourcecode.c.h; path = e_os2.h; sourceTree = "<group>"; };
		685FDCE025742DE800360C5B /* md4.h */ = {isa = PBXFileReference; lastKnownFileType = sourcecode.c.h; path = md4.h; sourceTree = "<group>"; };
		685FDCE125742DE800360C5B /* hmac.h */ = {isa = PBXFileReference; lastKnownFileType = sourcecode.c.h; path = hmac.h; sourceTree = "<group>"; };
		685FDCE225742DE800360C5B /* aes.h */ = {isa = PBXFileReference; lastKnownFileType = sourcecode.c.h; path = aes.h; sourceTree = "<group>"; };
		685FDCE325742DE800360C5B /* engineerr.h */ = {isa = PBXFileReference; lastKnownFileType = sourcecode.c.h; path = engineerr.h; sourceTree = "<group>"; };
		685FDCE425742DE800360C5B /* comp.h */ = {isa = PBXFileReference; lastKnownFileType = sourcecode.c.h; path = comp.h; sourceTree = "<group>"; };
		685FDCE525742DE800360C5B /* pkcs12err.h */ = {isa = PBXFileReference; lastKnownFileType = sourcecode.c.h; path = pkcs12err.h; sourceTree = "<group>"; };
		685FDCE625742DE800360C5B /* cast.h */ = {isa = PBXFileReference; lastKnownFileType = sourcecode.c.h; path = cast.h; sourceTree = "<group>"; };
		685FDCE725742DE800360C5B /* rc4.h */ = {isa = PBXFileReference; lastKnownFileType = sourcecode.c.h; path = rc4.h; sourceTree = "<group>"; };
		685FDCE825742DE800360C5B /* stack.h */ = {isa = PBXFileReference; lastKnownFileType = sourcecode.c.h; path = stack.h; sourceTree = "<group>"; };
		685FDCE925742DE800360C5B /* des.h */ = {isa = PBXFileReference; lastKnownFileType = sourcecode.c.h; path = des.h; sourceTree = "<group>"; };
		685FDCEA25742DE800360C5B /* ocsp.h */ = {isa = PBXFileReference; lastKnownFileType = sourcecode.c.h; path = ocsp.h; sourceTree = "<group>"; };
		685FDCEB25742DE800360C5B /* ec.h */ = {isa = PBXFileReference; lastKnownFileType = sourcecode.c.h; path = ec.h; sourceTree = "<group>"; };
		685FDCEC25742DE800360C5B /* ecdh.h */ = {isa = PBXFileReference; lastKnownFileType = sourcecode.c.h; path = ecdh.h; sourceTree = "<group>"; };
		685FDCED25742DE800360C5B /* rand.h */ = {isa = PBXFileReference; lastKnownFileType = sourcecode.c.h; path = rand.h; sourceTree = "<group>"; };
		685FDCEE25742DE800360C5B /* ecerr.h */ = {isa = PBXFileReference; lastKnownFileType = sourcecode.c.h; path = ecerr.h; sourceTree = "<group>"; };
		685FDCEF25742DE800360C5B /* ts.h */ = {isa = PBXFileReference; lastKnownFileType = sourcecode.c.h; path = ts.h; sourceTree = "<group>"; };
		685FDCF025742DE800360C5B /* cryptoerr.h */ = {isa = PBXFileReference; lastKnownFileType = sourcecode.c.h; path = cryptoerr.h; sourceTree = "<group>"; };
		685FDCF125742DE800360C5B /* storeerr.h */ = {isa = PBXFileReference; lastKnownFileType = sourcecode.c.h; path = storeerr.h; sourceTree = "<group>"; };
		685FDCF225742DE800360C5B /* buffererr.h */ = {isa = PBXFileReference; lastKnownFileType = sourcecode.c.h; path = buffererr.h; sourceTree = "<group>"; };
		685FDCF325742DE800360C5B /* seed.h */ = {isa = PBXFileReference; lastKnownFileType = sourcecode.c.h; path = seed.h; sourceTree = "<group>"; };
		685FDCF425742DE800360C5B /* modes.h */ = {isa = PBXFileReference; lastKnownFileType = sourcecode.c.h; path = modes.h; sourceTree = "<group>"; };
		685FDCF525742DE800360C5B /* ssl2.h */ = {isa = PBXFileReference; lastKnownFileType = sourcecode.c.h; path = ssl2.h; sourceTree = "<group>"; };
		685FDCF625742DE800360C5B /* tserr.h */ = {isa = PBXFileReference; lastKnownFileType = sourcecode.c.h; path = tserr.h; sourceTree = "<group>"; };
		685FDCF725742DE800360C5B /* rsa.h */ = {isa = PBXFileReference; lastKnownFileType = sourcecode.c.h; path = rsa.h; sourceTree = "<group>"; };
		685FDCF825742DE800360C5B /* ripemd.h */ = {isa = PBXFileReference; lastKnownFileType = sourcecode.c.h; path = ripemd.h; sourceTree = "<group>"; };
		685FDCF925742DE800360C5B /* whrlpool.h */ = {isa = PBXFileReference; lastKnownFileType = sourcecode.c.h; path = whrlpool.h; sourceTree = "<group>"; };
		685FDCFA25742DE800360C5B /* tls1.h */ = {isa = PBXFileReference; lastKnownFileType = sourcecode.c.h; path = tls1.h; sourceTree = "<group>"; };
		685FDCFB25742DE800360C5B /* rsaerr.h */ = {isa = PBXFileReference; lastKnownFileType = sourcecode.c.h; path = rsaerr.h; sourceTree = "<group>"; };
		685FDCFC25742DE800360C5B /* randerr.h */ = {isa = PBXFileReference; lastKnownFileType = sourcecode.c.h; path = randerr.h; sourceTree = "<group>"; };
		685FDCFD25742DE800360C5B /* mdc2.h */ = {isa = PBXFileReference; lastKnownFileType = sourcecode.c.h; path = mdc2.h; sourceTree = "<group>"; };
		685FDCFE25742DE800360C5B /* ocsperr.h */ = {isa = PBXFileReference; lastKnownFileType = sourcecode.c.h; path = ocsperr.h; sourceTree = "<group>"; };
		685FDCFF25742DE800360C5B /* x509err.h */ = {isa = PBXFileReference; lastKnownFileType = sourcecode.c.h; path = x509err.h; sourceTree = "<group>"; };
		685FDD0025742DE800360C5B /* pkcs7err.h */ = {isa = PBXFileReference; lastKnownFileType = sourcecode.c.h; path = pkcs7err.h; sourceTree = "<group>"; };
		685FDD0125742DE800360C5B /* dsa.h */ = {isa = PBXFileReference; lastKnownFileType = sourcecode.c.h; path = dsa.h; sourceTree = "<group>"; };
		685FDD0225742DE800360C5B /* kdferr.h */ = {isa = PBXFileReference; lastKnownFileType = sourcecode.c.h; path = kdferr.h; sourceTree = "<group>"; };
		685FDD0325742DE800360C5B /* srtp.h */ = {isa = PBXFileReference; lastKnownFileType = sourcecode.c.h; path = srtp.h; sourceTree = "<group>"; };
		685FDD0425742DE800360C5B /* asn1t.h */ = {isa = PBXFileReference; lastKnownFileType = sourcecode.c.h; path = asn1t.h; sourceTree = "<group>"; };
		685FDD0525742DE800360C5B /* dsaerr.h */ = {isa = PBXFileReference; lastKnownFileType = sourcecode.c.h; path = dsaerr.h; sourceTree = "<group>"; };
		685FDD0625742DE800360C5B /* bnerr.h */ = {isa = PBXFileReference; lastKnownFileType = sourcecode.c.h; path = bnerr.h; sourceTree = "<group>"; };
		685FDD0725742DE800360C5B /* conferr.h */ = {isa = PBXFileReference; lastKnownFileType = sourcecode.c.h; path = conferr.h; sourceTree = "<group>"; };
		685FDD0825742DE800360C5B /* cmac.h */ = {isa = PBXFileReference; lastKnownFileType = sourcecode.c.h; path = cmac.h; sourceTree = "<group>"; };
		685FDD0925742DE800360C5B /* ebcdic.h */ = {isa = PBXFileReference; lastKnownFileType = sourcecode.c.h; path = ebcdic.h; sourceTree = "<group>"; };
		685FDD0A25742DE800360C5B /* store.h */ = {isa = PBXFileReference; lastKnownFileType = sourcecode.c.h; path = store.h; sourceTree = "<group>"; };
		685FDD0B25742DE800360C5B /* idea.h */ = {isa = PBXFileReference; lastKnownFileType = sourcecode.c.h; path = idea.h; sourceTree = "<group>"; };
		685FDD0C25742DE800360C5B /* lhash.h */ = {isa = PBXFileReference; lastKnownFileType = sourcecode.c.h; path = lhash.h; sourceTree = "<group>"; };
		685FDD0D25742DE800360C5B /* asn1err.h */ = {isa = PBXFileReference; lastKnownFileType = sourcecode.c.h; path = asn1err.h; sourceTree = "<group>"; };
		685FDD0E25742DE800360C5B /* IAPProductInfo.swift */ = {isa = PBXFileReference; lastKnownFileType = sourcecode.swift; path = IAPProductInfo.swift; sourceTree = "<group>"; };
		685FDD0F25742DE800360C5B /* IAPNotification.swift */ = {isa = PBXFileReference; lastKnownFileType = sourcecode.swift; path = IAPNotification.swift; sourceTree = "<group>"; };
		685FDD1025742DE800360C5B /* IAPReceipt.swift */ = {isa = PBXFileReference; lastKnownFileType = sourcecode.swift; path = IAPReceipt.swift; sourceTree = "<group>"; };
		685FDD1125742DE800360C5B /* StoreKitTestCertificate.cer */ = {isa = PBXFileReference; lastKnownFileType = file; path = StoreKitTestCertificate.cer; sourceTree = "<group>"; };
		685FDD1225742DE800360C5B /* IAPHelper.swift */ = {isa = PBXFileReference; lastKnownFileType = sourcecode.swift; path = IAPHelper.swift; sourceTree = "<group>"; };
		685FDD1325742DE800360C5B /* IAPOpenSSL.swift */ = {isa = PBXFileReference; lastKnownFileType = sourcecode.swift; path = IAPOpenSSL.swift; sourceTree = "<group>"; };
		685FDD1425742DE800360C5B /* AppleIncRootCertificate.cer */ = {isa = PBXFileReference; lastKnownFileType = file; path = AppleIncRootCertificate.cer; sourceTree = "<group>"; };
		685FDD1525742DE800360C5B /* IAPReceipt+Validate.swift */ = {isa = PBXFileReference; lastKnownFileType = sourcecode.swift; path = "IAPReceipt+Validate.swift"; sourceTree = "<group>"; };
		685FDD1625742DE800360C5B /* IAPPersistence.swift */ = {isa = PBXFileReference; lastKnownFileType = sourcecode.swift; path = IAPPersistence.swift; sourceTree = "<group>"; };
		685FDD1725742DE800360C5B /* IAPReceipt+ValidateSigning.swift */ = {isa = PBXFileReference; lastKnownFileType = sourcecode.swift; path = "IAPReceipt+ValidateSigning.swift"; sourceTree = "<group>"; };
		685FDD1825742DE800360C5B /* IAPHelper+SKRequestDelegate.swift */ = {isa = PBXFileReference; lastKnownFileType = sourcecode.swift; path = "IAPHelper+SKRequestDelegate.swift"; sourceTree = "<group>"; };
		685FDD1925742DE800360C5B /* IAPOpenSSLAttributeType.swift */ = {isa = PBXFileReference; lastKnownFileType = sourcecode.swift; path = IAPOpenSSLAttributeType.swift; sourceTree = "<group>"; };
		685FDD1A25742DE800360C5B /* IAPPersistenceProtocol.swift */ = {isa = PBXFileReference; lastKnownFileType = sourcecode.swift; path = IAPPersistenceProtocol.swift; sourceTree = "<group>"; };
		685FDD1B25742DE800360C5B /* IAPHelper+AppStore.swift */ = {isa = PBXFileReference; lastKnownFileType = sourcecode.swift; path = "IAPHelper+AppStore.swift"; sourceTree = "<group>"; };
		685FDD1C25742DE800360C5B /* IAPConstants.swift */ = {isa = PBXFileReference; lastKnownFileType = sourcecode.swift; path = IAPConstants.swift; sourceTree = "<group>"; };
		685FDD1D25742DE800360C5B /* IAPHelper+SKProductsRequestDelegate.swift */ = {isa = PBXFileReference; lastKnownFileType = sourcecode.swift; path = "IAPHelper+SKProductsRequestDelegate.swift"; sourceTree = "<group>"; };
		685FDD1E25742DE800360C5B /* IAPConfiguration.swift */ = {isa = PBXFileReference; lastKnownFileType = sourcecode.swift; path = IAPConfiguration.swift; sourceTree = "<group>"; };
		685FDD2025742DE800360C5B /* libcrypto.a */ = {isa = PBXFileReference; lastKnownFileType = archive.ar; path = libcrypto.a; sourceTree = "<group>"; };
		685FDD2125742DE800360C5B /* libssl.a */ = {isa = PBXFileReference; lastKnownFileType = archive.ar; path = libssl.a; sourceTree = "<group>"; };
		685FDD2225742DE800360C5B /* IAPHelper+SKPaymentTransactionObserver.swift */ = {isa = PBXFileReference; lastKnownFileType = sourcecode.swift; path = "IAPHelper+SKPaymentTransactionObserver.swift"; sourceTree = "<group>"; };
		685FDD2325742DE800360C5B /* IAPReceipt+Load.swift */ = {isa = PBXFileReference; lastKnownFileType = sourcecode.swift; path = "IAPReceipt+Load.swift"; sourceTree = "<group>"; };
		685FDD2425742DE800360C5B /* IAPConfigurationModel.swift */ = {isa = PBXFileReference; lastKnownFileType = sourcecode.swift; path = IAPConfigurationModel.swift; sourceTree = "<group>"; };
		685FDD2525742DE800360C5B /* IAPHelper.h */ = {isa = PBXFileReference; lastKnownFileType = sourcecode.c.h; path = IAPHelper.h; sourceTree = "<group>"; };
		685FDD2625742DE800360C5B /* IAPReceipt+Read.swift */ = {isa = PBXFileReference; lastKnownFileType = sourcecode.swift; path = "IAPReceipt+Read.swift"; sourceTree = "<group>"; };
		685FDD2725742DE800360C5B /* Info.plist */ = {isa = PBXFileReference; lastKnownFileType = text.plist.xml; path = Info.plist; sourceTree = "<group>"; };
		685FDD2825742DE800360C5B /* IAPLog.swift */ = {isa = PBXFileReference; lastKnownFileType = sourcecode.swift; path = IAPLog.swift; sourceTree = "<group>"; };
		685FDD2925742DE800360C5B /* IAPReceiptProductInfo.swift */ = {isa = PBXFileReference; lastKnownFileType = sourcecode.swift; path = IAPReceiptProductInfo.swift; sourceTree = "<group>"; };
		685FDD2A25742DE800360C5B /* .gitattributes */ = {isa = PBXFileReference; lastKnownFileType = text; path = .gitattributes; sourceTree = "<group>"; };
		685FDD2B25742DE800360C5B /* IAPHelper.xcworkspace */ = {isa = PBXFileReference; lastKnownFileType = wrapper.workspace; path = IAPHelper.xcworkspace; sourceTree = "<group>"; };
		6879B0C4256FF23600A04684 /* img18.png */ = {isa = PBXFileReference; lastKnownFileType = image.png; path = img18.png; sourceTree = "<group>"; };
		6879B0C5256FF23600A04684 /* img1.png */ = {isa = PBXFileReference; lastKnownFileType = image.png; path = img1.png; sourceTree = "<group>"; };
		6879B0C6256FF23600A04684 /* img20.png */ = {isa = PBXFileReference; lastKnownFileType = image.png; path = img20.png; sourceTree = "<group>"; };
		6879B0C7256FF23600A04684 /* img10.jpg */ = {isa = PBXFileReference; lastKnownFileType = image.jpeg; path = img10.jpg; sourceTree = "<group>"; };
		6879B0C8256FF23600A04684 /* img3.jpg */ = {isa = PBXFileReference; lastKnownFileType = image.jpeg; path = img3.jpg; sourceTree = "<group>"; };
		6879B0C9256FF23600A04684 /* img13.jpg */ = {isa = PBXFileReference; lastKnownFileType = image.jpeg; path = img13.jpg; sourceTree = "<group>"; };
		6879B0CA256FF23600A04684 /* img15.jpg */ = {isa = PBXFileReference; lastKnownFileType = image.jpeg; path = img15.jpg; sourceTree = "<group>"; };
		6879B0CB256FF23600A04684 /* demo.gif */ = {isa = PBXFileReference; lastKnownFileType = image.gif; path = demo.gif; sourceTree = "<group>"; };
		6879B0CC256FF23600A04684 /* img2.png */ = {isa = PBXFileReference; lastKnownFileType = image.png; path = img2.png; sourceTree = "<group>"; };
		6879B0CD256FF23600A04684 /* img14.png */ = {isa = PBXFileReference; lastKnownFileType = image.png; path = img14.png; sourceTree = "<group>"; };
		6879B0CE256FF23600A04684 /* img17.png */ = {isa = PBXFileReference; lastKnownFileType = image.png; path = img17.png; sourceTree = "<group>"; };
		6879B0CF256FF23600A04684 /* wwdc-2020-100835422-large.jpg */ = {isa = PBXFileReference; lastKnownFileType = image.jpeg; path = "wwdc-2020-100835422-large.jpg"; sourceTree = "<group>"; };
		6879B0D0256FF23600A04684 /* img4.png */ = {isa = PBXFileReference; lastKnownFileType = image.png; path = img4.png; sourceTree = "<group>"; };
		6879B0D1256FF23600A04684 /* img8.png */ = {isa = PBXFileReference; lastKnownFileType = image.png; path = img8.png; sourceTree = "<group>"; };
		6879B0D2256FF23700A04684 /* img7.png */ = {isa = PBXFileReference; lastKnownFileType = image.png; path = img7.png; sourceTree = "<group>"; };
		6879B0D3256FF23700A04684 /* img19.png */ = {isa = PBXFileReference; lastKnownFileType = image.png; path = img19.png; sourceTree = "<group>"; };
		6879B0D4256FF23700A04684 /* img9.png */ = {isa = PBXFileReference; lastKnownFileType = image.png; path = img9.png; sourceTree = "<group>"; };
		6879B0D5256FF23700A04684 /* img16.jpg */ = {isa = PBXFileReference; lastKnownFileType = image.jpeg; path = img16.jpg; sourceTree = "<group>"; };
		6879B0D6256FF23700A04684 /* img6.png */ = {isa = PBXFileReference; lastKnownFileType = image.png; path = img6.png; sourceTree = "<group>"; };
		6879B0D7256FF23700A04684 /* img11.jpg */ = {isa = PBXFileReference; lastKnownFileType = image.jpeg; path = img11.jpg; sourceTree = "<group>"; };
		6879B0D8256FF23700A04684 /* img21.png */ = {isa = PBXFileReference; lastKnownFileType = image.png; path = img21.png; sourceTree = "<group>"; };
		6879B0DA256FF23700A04684 /* img5.png */ = {isa = PBXFileReference; lastKnownFileType = image.png; path = img5.png; sourceTree = "<group>"; };
		6879B0F6257006FA00A04684 /* img11b.png */ = {isa = PBXFileReference; lastKnownFileType = image.png; path = img11b.png; sourceTree = "<group>"; };
		6879B0FA25700D6400A04684 /* img20b.png */ = {isa = PBXFileReference; lastKnownFileType = image.png; path = img20b.png; sourceTree = "<group>"; };
		68821EBF256C2B7C002EED02 /* IAPDemo.app */ = {isa = PBXFileReference; explicitFileType = wrapper.application; includeInIndex = 0; path = IAPDemo.app; sourceTree = BUILT_PRODUCTS_DIR; };
		68821EC2256C2B7C002EED02 /* AppDelegate.swift */ = {isa = PBXFileReference; lastKnownFileType = sourcecode.swift; path = AppDelegate.swift; sourceTree = "<group>"; };
		68821EC4256C2B7C002EED02 /* SceneDelegate.swift */ = {isa = PBXFileReference; lastKnownFileType = sourcecode.swift; path = SceneDelegate.swift; sourceTree = "<group>"; };
		68821EC6256C2B7C002EED02 /* ViewController.swift */ = {isa = PBXFileReference; lastKnownFileType = sourcecode.swift; path = ViewController.swift; sourceTree = "<group>"; };
		68821ECB256C2B7D002EED02 /* Assets.xcassets */ = {isa = PBXFileReference; lastKnownFileType = folder.assetcatalog; path = Assets.xcassets; sourceTree = "<group>"; };
		68821ECE256C2B7D002EED02 /* Base */ = {isa = PBXFileReference; lastKnownFileType = file.storyboard; name = Base; path = Base.lproj/LaunchScreen.storyboard; sourceTree = "<group>"; };
		68821ED0256C2B7D002EED02 /* Info.plist */ = {isa = PBXFileReference; lastKnownFileType = text.plist.xml; path = Info.plist; sourceTree = "<group>"; };
		68821EDF256C2D73002EED02 /* ProductCell.swift */ = {isa = PBXFileReference; lastKnownFileType = sourcecode.swift; path = ProductCell.swift; sourceTree = "<group>"; };
		68821EE2256C2DA6002EED02 /* RestoreCell.swift */ = {isa = PBXFileReference; lastKnownFileType = sourcecode.swift; path = RestoreCell.swift; sourceTree = "<group>"; };
		68821F8D256C327F002EED02 /* StoreKit.framework */ = {isa = PBXFileReference; lastKnownFileType = wrapper.framework; name = StoreKit.framework; path = System/Library/Frameworks/StoreKit.framework; sourceTree = SDKROOT; };
		68821F91256C33B8002EED02 /* ProductsRelease.plist */ = {isa = PBXFileReference; fileEncoding = 4; lastKnownFileType = text.plist.xml; path = ProductsRelease.plist; sourceTree = "<group>"; };
		68821F92256C33B8002EED02 /* Configuration.storekit */ = {isa = PBXFileReference; fileEncoding = 4; lastKnownFileType = text; path = Configuration.storekit; sourceTree = "<group>"; };
		68B571BD256D83FB007ED6F2 /* README.md */ = {isa = PBXFileReference; lastKnownFileType = net.daringfireball.markdown; path = README.md; sourceTree = "<group>"; };
		68F2C7A02571F0BF00EBA028 /* StoreKitTestCertificate.cer */ = {isa = PBXFileReference; lastKnownFileType = file; path = StoreKitTestCertificate.cer; sourceTree = "<group>"; };
		68F2C7A12571F0BF00EBA028 /* AppleIncRootCertificate.cer */ = {isa = PBXFileReference; lastKnownFileType = file; path = AppleIncRootCertificate.cer; sourceTree = "<group>"; };
/* End PBXFileReference section */

/* Begin PBXFrameworksBuildPhase section */
		68821EBC256C2B7C002EED02 /* Frameworks */ = {
			isa = PBXFrameworksBuildPhase;
			buildActionMask = 2147483647;
			files = (
				68821F8E256C327F002EED02 /* StoreKit.framework in Frameworks */,
				685FDD3725742DFD00360C5B /* IAPHelper.framework in Frameworks */,
			);
			runOnlyForDeploymentPostprocessing = 0;
		};
/* End PBXFrameworksBuildPhase section */

/* Begin PBXGroup section */
		685FDC7525742DE800360C5B /* IAPHelper */ = {
			isa = PBXGroup;
			children = (
				685FDD2A25742DE800360C5B /* .gitattributes */,
				685FDCA125742DE800360C5B /* README.md */,
				685FDC8F25742DE800360C5B /* IAPHelper.xcodeproj */,
				685FDD2B25742DE800360C5B /* IAPHelper.xcworkspace */,
				685FDCA225742DE800360C5B /* IAPHelper */,
				685FDC9225742DE800360C5B /* IAPHelperTestHost */,
				685FDC9E25742DE800360C5B /* IAPHelperTests */,
				685FDC7625742DE800360C5B /* readme-assets */,
			);
			name = IAPHelper;
			path = ../IAPHelper;
			sourceTree = "<group>";
		};
		685FDC7625742DE800360C5B /* readme-assets */ = {
			isa = PBXGroup;
			children = (
				685FDC7725742DE800360C5B /* img21.png */,
				685FDC7825742DE800360C5B /* img20.png */,
				685FDC7925742DE800360C5B /* img18.png */,
				685FDC7A25742DE800360C5B /* img19.png */,
				685FDC7B25742DE800360C5B /* img9.png */,
				685FDC7C25742DE800360C5B /* wwdc-2020-100835422-large.jpg */,
				685FDC7D25742DE800360C5B /* img8.png */,
				685FDC7E25742DE800360C5B /* img5.png */,
				685FDC7F25742DE800360C5B /* img20b.png */,
				685FDC8025742DE800360C5B /* img4.png */,
				685FDC8125742DE800360C5B /* img6.png */,
				685FDC8225742DE800360C5B /* img7.png */,
				685FDC8325742DE800360C5B /* img3.jpg */,
				685FDC8425742DE800360C5B /* img2.png */,
				685FDC8525742DE800360C5B /* img1.png */,
				685FDC8625742DE800360C5B /* img17.png */,
				685FDC8725742DE800360C5B /* img16.jpg */,
				685FDC8825742DE800360C5B /* img14.png */,
				685FDC8925742DE800360C5B /* img15.jpg */,
				685FDC8A25742DE800360C5B /* img11.jpg */,
				685FDC8B25742DE800360C5B /* img10.jpg */,
				685FDC8C25742DE800360C5B /* demo.gif */,
				685FDC8D25742DE800360C5B /* img11b.png */,
				685FDC8E25742DE800360C5B /* img13.jpg */,
			);
			path = "readme-assets";
			sourceTree = "<group>";
		};
		685FDC9025742DE800360C5B /* Products */ = {
			isa = PBXGroup;
			children = (
				685FDD3025742DE800360C5B /* IAPHelper.framework */,
				685FDD3225742DE800360C5B /* IAPHelperTests.xctest */,
				685FDD3425742DE800360C5B /* IAPHelperTestHost.app */,
			);
			name = Products;
			sourceTree = "<group>";
		};
		685FDC9225742DE800360C5B /* IAPHelperTestHost */ = {
			isa = PBXGroup;
			children = (
				685FDC9625742DE800360C5B /* AppleIncRootCertificate.cer */,
				685FDC9525742DE800360C5B /* StoreKitTestCertificate.cer */,
				685FDC9C25742DE800360C5B /* Info.plist */,
				685FDC9425742DE800360C5B /* ProductsRelease.plist */,
				685FDC9825742DE800360C5B /* Configuration.storekit */,
				685FDC9B25742DE800360C5B /* AppDelegate.swift */,
				685FDC9D25742DE800360C5B /* SceneDelegate.swift */,
				685FDC9325742DE800360C5B /* ViewController.swift */,
				685FDC9725742DE800360C5B /* Assets.xcassets */,
				685FDC9925742DE800360C5B /* LaunchScreen.storyboard */,
			);
			path = IAPHelperTestHost;
			sourceTree = "<group>";
		};
		685FDC9E25742DE800360C5B /* IAPHelperTests */ = {
			isa = PBXGroup;
			children = (
				685FDC9F25742DE800360C5B /* IAPHelperTests.swift */,
				685FDCA025742DE800360C5B /* Info.plist */,
			);
			path = IAPHelperTests;
			sourceTree = "<group>";
		};
		685FDCA225742DE800360C5B /* IAPHelper */ = {
			isa = PBXGroup;
			children = (
				685FDCA325742DE800360C5B /* openssl-include */,
				685FDD0E25742DE800360C5B /* IAPProductInfo.swift */,
				685FDD0F25742DE800360C5B /* IAPNotification.swift */,
				685FDD1025742DE800360C5B /* IAPReceipt.swift */,
				685FDD1125742DE800360C5B /* StoreKitTestCertificate.cer */,
				685FDD1225742DE800360C5B /* IAPHelper.swift */,
				685FDD1325742DE800360C5B /* IAPOpenSSL.swift */,
				685FDD1425742DE800360C5B /* AppleIncRootCertificate.cer */,
				685FDD1525742DE800360C5B /* IAPReceipt+Validate.swift */,
				685FDD1625742DE800360C5B /* IAPPersistence.swift */,
				685FDD1725742DE800360C5B /* IAPReceipt+ValidateSigning.swift */,
				685FDD1825742DE800360C5B /* IAPHelper+SKRequestDelegate.swift */,
				685FDD1925742DE800360C5B /* IAPOpenSSLAttributeType.swift */,
				685FDD1A25742DE800360C5B /* IAPPersistenceProtocol.swift */,
				685FDD1B25742DE800360C5B /* IAPHelper+AppStore.swift */,
				685FDD1C25742DE800360C5B /* IAPConstants.swift */,
				685FDD1D25742DE800360C5B /* IAPHelper+SKProductsRequestDelegate.swift */,
				685FDD1E25742DE800360C5B /* IAPConfiguration.swift */,
				685FDD1F25742DE800360C5B /* openssl-lib */,
				685FDD2225742DE800360C5B /* IAPHelper+SKPaymentTransactionObserver.swift */,
				685FDD2325742DE800360C5B /* IAPReceipt+Load.swift */,
				685FDD2425742DE800360C5B /* IAPConfigurationModel.swift */,
				685FDD2525742DE800360C5B /* IAPHelper.h */,
				685FDD2625742DE800360C5B /* IAPReceipt+Read.swift */,
				685FDD2725742DE800360C5B /* Info.plist */,
				685FDD2825742DE800360C5B /* IAPLog.swift */,
				685FDD2925742DE800360C5B /* IAPReceiptProductInfo.swift */,
			);
			path = IAPHelper;
			sourceTree = "<group>";
		};
		685FDCA325742DE800360C5B /* openssl-include */ = {
			isa = PBXGroup;
			children = (
				685FDCA425742DE800360C5B /* pem2.h */,
				685FDCA525742DE800360C5B /* kdf.h */,
				685FDCA625742DE800360C5B /* pem.h */,
				685FDCA725742DE800360C5B /* asyncerr.h */,
				685FDCA825742DE800360C5B /* md2.h */,
				685FDCA925742DE800360C5B /* ssl3.h */,
				685FDCAA25742DE800360C5B /* ossl_typ.h */,
				685FDCAB25742DE800360C5B /* dtls1.h */,
				685FDCAC25742DE800360C5B /* err.h */,
				685FDCAD25742DE800360C5B /* bn.h */,
				685FDCAE25742DE800360C5B /* inttypes.h */,
				685FDCAF25742DE800360C5B /* blowfish.h */,
				685FDCB025742DE800360C5B /* cms.h */,
				685FDCB125742DE800360C5B /* engine.h */,
				685FDCB225742DE800360C5B /* conf_api.h */,
				685FDCB325742DE800360C5B /* x509.h */,
				685FDCB425742DE800360C5B /* asn1_mac.h */,
				685FDCB525742DE800360C5B /* objectserr.h */,
				685FDCB625742DE800360C5B /* cmserr.h */,
				685FDCB725742DE800360C5B /* ui.h */,
				685FDCB825742DE800360C5B /* sha.h */,
				685FDCB925742DE800360C5B /* symhacks.h */,
				685FDCBA25742DE800360C5B /* asn1.h */,
				685FDCBB25742DE800360C5B /* bioerr.h */,
				685FDCBC25742DE800360C5B /* opensslconf.h */,
				685FDCBD25742DE800360C5B /* bio.h */,
				685FDCBE25742DE800360C5B /* rc2.h */,
				685FDCBF25742DE800360C5B /* dh.h */,
				685FDCC025742DE800360C5B /* x509v3.h */,
				685FDCC125742DE800360C5B /* conf.h */,
				685FDCC225742DE800360C5B /* rand_drbg.h */,
				685FDCC325742DE800360C5B /* md5.h */,
				685FDCC425742DE800360C5B /* pemerr.h */,
				685FDCC525742DE800360C5B /* asn1_locl.h */,
				685FDCC625742DE800360C5B /* x509_vfy.h */,
				685FDCC725742DE800360C5B /* txt_db.h */,
				685FDCC825742DE800360C5B /* comperr.h */,
				685FDCC925742DE800360C5B /* cterr.h */,
				685FDCCA25742DE800360C5B /* safestack.h */,
				685FDCCB25742DE800360C5B /* ecdsa.h */,
				685FDCCC25742DE800360C5B /* sslerr.h */,
				685FDCCD25742DE800360C5B /* rc5.h */,
				685FDCCE25742DE800360C5B /* uierr.h */,
				685FDCCF25742DE800360C5B /* x509v3err.h */,
				685FDCD025742DE800360C5B /* objects.h */,
				685FDCD125742DE800360C5B /* pkcs12.h */,
				685FDCD225742DE800360C5B /* crypto.h */,
				685FDCD325742DE800360C5B /* opensslv.h */,
				685FDCD425742DE800360C5B /* evperr.h */,
				685FDCD525742DE800360C5B /* pkcs7.h */,
				685FDCD625742DE800360C5B /* obj_mac.h */,
				685FDCD725742DE800360C5B /* ct.h */,
				685FDCD825742DE800360C5B /* async.h */,
				685FDCD925742DE800360C5B /* buffer.h */,
				685FDCDA25742DE800360C5B /* ssl.h */,
				685FDCDB25742DE800360C5B /* srp.h */,
				685FDCDC25742DE800360C5B /* camellia.h */,
				685FDCDD25742DE800360C5B /* dherr.h */,
				685FDCDE25742DE800360C5B /* evp.h */,
				685FDCDF25742DE800360C5B /* e_os2.h */,
				685FDCE025742DE800360C5B /* md4.h */,
				685FDCE125742DE800360C5B /* hmac.h */,
				685FDCE225742DE800360C5B /* aes.h */,
				685FDCE325742DE800360C5B /* engineerr.h */,
				685FDCE425742DE800360C5B /* comp.h */,
				685FDCE525742DE800360C5B /* pkcs12err.h */,
				685FDCE625742DE800360C5B /* cast.h */,
				685FDCE725742DE800360C5B /* rc4.h */,
				685FDCE825742DE800360C5B /* stack.h */,
				685FDCE925742DE800360C5B /* des.h */,
				685FDCEA25742DE800360C5B /* ocsp.h */,
				685FDCEB25742DE800360C5B /* ec.h */,
				685FDCEC25742DE800360C5B /* ecdh.h */,
				685FDCED25742DE800360C5B /* rand.h */,
				685FDCEE25742DE800360C5B /* ecerr.h */,
				685FDCEF25742DE800360C5B /* ts.h */,
				685FDCF025742DE800360C5B /* cryptoerr.h */,
				685FDCF125742DE800360C5B /* storeerr.h */,
				685FDCF225742DE800360C5B /* buffererr.h */,
				685FDCF325742DE800360C5B /* seed.h */,
				685FDCF425742DE800360C5B /* modes.h */,
				685FDCF525742DE800360C5B /* ssl2.h */,
				685FDCF625742DE800360C5B /* tserr.h */,
				685FDCF725742DE800360C5B /* rsa.h */,
				685FDCF825742DE800360C5B /* ripemd.h */,
				685FDCF925742DE800360C5B /* whrlpool.h */,
				685FDCFA25742DE800360C5B /* tls1.h */,
				685FDCFB25742DE800360C5B /* rsaerr.h */,
				685FDCFC25742DE800360C5B /* randerr.h */,
				685FDCFD25742DE800360C5B /* mdc2.h */,
				685FDCFE25742DE800360C5B /* ocsperr.h */,
				685FDCFF25742DE800360C5B /* x509err.h */,
				685FDD0025742DE800360C5B /* pkcs7err.h */,
				685FDD0125742DE800360C5B /* dsa.h */,
				685FDD0225742DE800360C5B /* kdferr.h */,
				685FDD0325742DE800360C5B /* srtp.h */,
				685FDD0425742DE800360C5B /* asn1t.h */,
				685FDD0525742DE800360C5B /* dsaerr.h */,
				685FDD0625742DE800360C5B /* bnerr.h */,
				685FDD0725742DE800360C5B /* conferr.h */,
				685FDD0825742DE800360C5B /* cmac.h */,
				685FDD0925742DE800360C5B /* ebcdic.h */,
				685FDD0A25742DE800360C5B /* store.h */,
				685FDD0B25742DE800360C5B /* idea.h */,
				685FDD0C25742DE800360C5B /* lhash.h */,
				685FDD0D25742DE800360C5B /* asn1err.h */,
			);
			path = "openssl-include";
			sourceTree = "<group>";
		};
		685FDD1F25742DE800360C5B /* openssl-lib */ = {
			isa = PBXGroup;
			children = (
				685FDD2025742DE800360C5B /* libcrypto.a */,
				685FDD2125742DE800360C5B /* libssl.a */,
			);
			path = "openssl-lib";
			sourceTree = "<group>";
		};
		6879B0C3256FEBC400A04684 /* readme-assets */ = {
			isa = PBXGroup;
			children = (
				6879B0CB256FF23600A04684 /* demo.gif */,
				6879B0C5256FF23600A04684 /* img1.png */,
				6879B0CC256FF23600A04684 /* img2.png */,
				6879B0C8256FF23600A04684 /* img3.jpg */,
				6879B0D0256FF23600A04684 /* img4.png */,
				6879B0DA256FF23700A04684 /* img5.png */,
				6879B0D6256FF23700A04684 /* img6.png */,
				6879B0D2256FF23700A04684 /* img7.png */,
				6879B0D1256FF23600A04684 /* img8.png */,
				6879B0D4256FF23700A04684 /* img9.png */,
				6879B0C7256FF23600A04684 /* img10.jpg */,
				6879B0D7256FF23700A04684 /* img11.jpg */,
				6879B0F6257006FA00A04684 /* img11b.png */,
				6879B0C9256FF23600A04684 /* img13.jpg */,
				6879B0CD256FF23600A04684 /* img14.png */,
				6879B0CA256FF23600A04684 /* img15.jpg */,
				6879B0D5256FF23700A04684 /* img16.jpg */,
				6879B0CE256FF23600A04684 /* img17.png */,
				6879B0C4256FF23600A04684 /* img18.png */,
				6879B0D3256FF23700A04684 /* img19.png */,
				6879B0C6256FF23600A04684 /* img20.png */,
				6879B0FA25700D6400A04684 /* img20b.png */,
				6879B0D8256FF23700A04684 /* img21.png */,
				685A3F652575594F00B9D1BC /* img22.png */,
				685A3F672575594F00B9D1BC /* img23.png */,
				685A3F6B2575594F00B9D1BC /* img24.png */,
				685A3F742575594F00B9D1BC /* img25.png */,
				685A3F662575594F00B9D1BC /* img26.png */,
				685A3F712575594F00B9D1BC /* img27.png */,
				685A3F732575594F00B9D1BC /* img28.png */,
				685A3F6C2575594F00B9D1BC /* img29.png */,
				685A3F612575594F00B9D1BC /* img30.png */,
				685A3F772575594F00B9D1BC /* img31.png */,
				685A3F762575594F00B9D1BC /* img32.png */,
				685A3F682575594F00B9D1BC /* img33.png */,
				685A3F692575594F00B9D1BC /* img34.png */,
				685A3F722575594F00B9D1BC /* img35.png */,
				685A3F7C2575594F00B9D1BC /* img36.png */,
				685A3F6E2575594F00B9D1BC /* img37.png */,
				685A3F7A2575594F00B9D1BC /* img38.png */,
				685A3F7B2575594F00B9D1BC /* img39.png */,
				685A3F752575594F00B9D1BC /* img40.png */,
				685A3F792575594F00B9D1BC /* img41.png */,
				685A3F6D2575594F00B9D1BC /* img42.png */,
				685A3F702575594F00B9D1BC /* img43.png */,
				685A3F782575594F00B9D1BC /* img44.png */,
				685A3F6F2575594F00B9D1BC /* img45.png */,
				685A3F6A2575594F00B9D1BC /* img46.png */,
				6879B0CF256FF23600A04684 /* wwdc-2020-100835422-large.jpg */,
			);
			path = "readme-assets";
			sourceTree = "<group>";
		};
		68821EB6256C2B7C002EED02 = {
			isa = PBXGroup;
			children = (
				68B571BD256D83FB007ED6F2 /* README.md */,
				6879B0C3256FEBC400A04684 /* readme-assets */,
				68821EC1256C2B7C002EED02 /* IAPDemo */,
				685FDC7525742DE800360C5B /* IAPHelper */,
				68821EC0256C2B7C002EED02 /* Products */,
				68821F8C256C327F002EED02 /* Frameworks */,
			);
			sourceTree = "<group>";
		};
		68821EC0256C2B7C002EED02 /* Products */ = {
			isa = PBXGroup;
			children = (
				68821EBF256C2B7C002EED02 /* IAPDemo.app */,
			);
			name = Products;
			sourceTree = "<group>";
		};
		68821EC1256C2B7C002EED02 /* IAPDemo */ = {
			isa = PBXGroup;
			children = (
				68821ED8256C2C29002EED02 /* Cells */,
				68821ED9256C2C3C002EED02 /* Support */,
				68821EDA256C2C44002EED02 /* ViewController */,
			);
			path = IAPDemo;
			sourceTree = "<group>";
		};
		68821ED8256C2C29002EED02 /* Cells */ = {
			isa = PBXGroup;
			children = (
				68821EDF256C2D73002EED02 /* ProductCell.swift */,
				68821EE2256C2DA6002EED02 /* RestoreCell.swift */,
			);
			path = Cells;
			sourceTree = "<group>";
		};
		68821ED9256C2C3C002EED02 /* Support */ = {
			isa = PBXGroup;
			children = (
				68F2C7A12571F0BF00EBA028 /* AppleIncRootCertificate.cer */,
				68F2C7A02571F0BF00EBA028 /* StoreKitTestCertificate.cer */,
				68821ED0256C2B7D002EED02 /* Info.plist */,
				68821F91256C33B8002EED02 /* ProductsRelease.plist */,
				68821F92256C33B8002EED02 /* Configuration.storekit */,
				68821EC2256C2B7C002EED02 /* AppDelegate.swift */,
				68821EC4256C2B7C002EED02 /* SceneDelegate.swift */,
				68821ECB256C2B7D002EED02 /* Assets.xcassets */,
				68821ECD256C2B7D002EED02 /* LaunchScreen.storyboard */,
			);
			path = Support;
			sourceTree = "<group>";
		};
		68821EDA256C2C44002EED02 /* ViewController */ = {
			isa = PBXGroup;
			children = (
				68821EC6256C2B7C002EED02 /* ViewController.swift */,
			);
			path = ViewController;
			sourceTree = "<group>";
		};
		68821F8C256C327F002EED02 /* Frameworks */ = {
			isa = PBXGroup;
			children = (
				68821F8D256C327F002EED02 /* StoreKit.framework */,
			);
			name = Frameworks;
			sourceTree = "<group>";
		};
/* End PBXGroup section */

/* Begin PBXNativeTarget section */
		68821EBE256C2B7C002EED02 /* IAPDemo */ = {
			isa = PBXNativeTarget;
			buildConfigurationList = 68821ED3256C2B7D002EED02 /* Build configuration list for PBXNativeTarget "IAPDemo" */;
			buildPhases = (
				68821EBB256C2B7C002EED02 /* Sources */,
				68821EBC256C2B7C002EED02 /* Frameworks */,
				68821EBD256C2B7C002EED02 /* Resources */,
				68F2C79E2571EAA700EBA028 /* Embed Frameworks */,
			);
			buildRules = (
			);
			dependencies = (
			);
			name = IAPDemo;
			productName = IAPDemo;
			productReference = 68821EBF256C2B7C002EED02 /* IAPDemo.app */;
			productType = "com.apple.product-type.application";
		};
/* End PBXNativeTarget section */

/* Begin PBXProject section */
		68821EB7256C2B7C002EED02 /* Project object */ = {
			isa = PBXProject;
			attributes = {
				LastSwiftUpdateCheck = 1220;
				LastUpgradeCheck = 1220;
				TargetAttributes = {
					68821EBE256C2B7C002EED02 = {
						CreatedOnToolsVersion = 12.2;
					};
				};
			};
			buildConfigurationList = 68821EBA256C2B7C002EED02 /* Build configuration list for PBXProject "IAPDemo" */;
			compatibilityVersion = "Xcode 12.0";
			developmentRegion = en;
			hasScannedForEncodings = 0;
			knownRegions = (
				en,
				Base,
			);
			mainGroup = 68821EB6256C2B7C002EED02;
			productRefGroup = 68821EC0256C2B7C002EED02 /* Products */;
			projectDirPath = "";
			projectReferences = (
				{
					ProductGroup = 685FDC9025742DE800360C5B /* Products */;
					ProjectRef = 685FDC8F25742DE800360C5B /* IAPHelper.xcodeproj */;
				},
			);
			projectRoot = "";
			targets = (
				68821EBE256C2B7C002EED02 /* IAPDemo */,
			);
		};
/* End PBXProject section */

/* Begin PBXReferenceProxy section */
		685FDD3025742DE800360C5B /* IAPHelper.framework */ = {
			isa = PBXReferenceProxy;
			fileType = wrapper.framework;
			path = IAPHelper.framework;
			remoteRef = 685FDD2F25742DE800360C5B /* PBXContainerItemProxy */;
			sourceTree = BUILT_PRODUCTS_DIR;
		};
		685FDD3225742DE800360C5B /* IAPHelperTests.xctest */ = {
			isa = PBXReferenceProxy;
			fileType = wrapper.cfbundle;
			path = IAPHelperTests.xctest;
			remoteRef = 685FDD3125742DE800360C5B /* PBXContainerItemProxy */;
			sourceTree = BUILT_PRODUCTS_DIR;
		};
		685FDD3425742DE800360C5B /* IAPHelperTestHost.app */ = {
			isa = PBXReferenceProxy;
			fileType = wrapper.application;
			path = IAPHelperTestHost.app;
			remoteRef = 685FDD3325742DE800360C5B /* PBXContainerItemProxy */;
			sourceTree = BUILT_PRODUCTS_DIR;
		};
/* End PBXReferenceProxy section */

/* Begin PBXResourcesBuildPhase section */
		68821EBD256C2B7C002EED02 /* Resources */ = {
			isa = PBXResourcesBuildPhase;
			buildActionMask = 2147483647;
			files = (
				68F2C7A22571F0BF00EBA028 /* StoreKitTestCertificate.cer in Resources */,
				6879B0F2256FF23700A04684 /* img5.png in Resources */,
				685A3F922575594F00B9D1BC /* img41.png in Resources */,
				685A3F832575594F00B9D1BC /* img46.png in Resources */,
				685A3F7F2575594F00B9D1BC /* img26.png in Resources */,
				6879B0DF256FF23700A04684 /* img10.jpg in Resources */,
				6879B0EE256FF23700A04684 /* img6.png in Resources */,
				6879B0E3256FF23700A04684 /* demo.gif in Resources */,
				6879B0E2256FF23700A04684 /* img15.jpg in Resources */,
				685A3F932575594F00B9D1BC /* img38.png in Resources */,
				685A3F882575594F00B9D1BC /* img45.png in Resources */,
				685A3F852575594F00B9D1BC /* img29.png in Resources */,
				68821F93256C33B8002EED02 /* ProductsRelease.plist in Resources */,
				685A3F822575594F00B9D1BC /* img34.png in Resources */,
				6879B0FB25700D6400A04684 /* img20b.png in Resources */,
				685A3F902575594F00B9D1BC /* img31.png in Resources */,
				6879B0EC256FF23700A04684 /* img9.png in Resources */,
				685A3F942575594F00B9D1BC /* img39.png in Resources */,
				685A3F952575594F00B9D1BC /* img36.png in Resources */,
				6879B0DD256FF23700A04684 /* img1.png in Resources */,
				685A3F842575594F00B9D1BC /* img24.png in Resources */,
				6879B0EF256FF23700A04684 /* img11.jpg in Resources */,
				6879B0EB256FF23700A04684 /* img19.png in Resources */,
				6879B0EA256FF23700A04684 /* img7.png in Resources */,
				6879B0E6256FF23700A04684 /* img17.png in Resources */,
				68821F94256C33B8002EED02 /* Configuration.storekit in Resources */,
				68821ECF256C2B7D002EED02 /* LaunchScreen.storyboard in Resources */,
				6879B0E7256FF23700A04684 /* wwdc-2020-100835422-large.jpg in Resources */,
				6879B0E1256FF23700A04684 /* img13.jpg in Resources */,
				685A3F892575594F00B9D1BC /* img43.png in Resources */,
				685A3F7D2575594F00B9D1BC /* img30.png in Resources */,
				6879B0F7257006FA00A04684 /* img11b.png in Resources */,
				6879B0E0256FF23700A04684 /* img3.jpg in Resources */,
				685A3F912575594F00B9D1BC /* img44.png in Resources */,
				685A3F802575594F00B9D1BC /* img23.png in Resources */,
				685A3F8E2575594F00B9D1BC /* img40.png in Resources */,
				6879B0DC256FF23700A04684 /* img18.png in Resources */,
				6879B0F0256FF23700A04684 /* img21.png in Resources */,
				6879B0E8256FF23700A04684 /* img4.png in Resources */,
				68821ECC256C2B7D002EED02 /* Assets.xcassets in Resources */,
				685A3F862575594F00B9D1BC /* img42.png in Resources */,
				685A3F8A2575594F00B9D1BC /* img27.png in Resources */,
				685A3F8B2575594F00B9D1BC /* img35.png in Resources */,
				6879B0E4256FF23700A04684 /* img2.png in Resources */,
				6879B0E9256FF23700A04684 /* img8.png in Resources */,
				6879B0ED256FF23700A04684 /* img16.jpg in Resources */,
				6879B0E5256FF23700A04684 /* img14.png in Resources */,
				685A3F7E2575594F00B9D1BC /* img22.png in Resources */,
				685A3F8C2575594F00B9D1BC /* img28.png in Resources */,
				68F2C7A32571F0BF00EBA028 /* AppleIncRootCertificate.cer in Resources */,
				685A3F8F2575594F00B9D1BC /* img32.png in Resources */,
				685A3F872575594F00B9D1BC /* img37.png in Resources */,
				6879B0DE256FF23700A04684 /* img20.png in Resources */,
				685A3F8D2575594F00B9D1BC /* img25.png in Resources */,
				685A3F812575594F00B9D1BC /* img33.png in Resources */,
			);
			runOnlyForDeploymentPostprocessing = 0;
		};
/* End PBXResourcesBuildPhase section */

/* Begin PBXSourcesBuildPhase section */
		68821EBB256C2B7C002EED02 /* Sources */ = {
			isa = PBXSourcesBuildPhase;
			buildActionMask = 2147483647;
			files = (
				68821EC7256C2B7C002EED02 /* ViewController.swift in Sources */,
				68821EE3256C2DA6002EED02 /* RestoreCell.swift in Sources */,
				68821EE0256C2D73002EED02 /* ProductCell.swift in Sources */,
				68821EC3256C2B7C002EED02 /* AppDelegate.swift in Sources */,
				68821EC5256C2B7C002EED02 /* SceneDelegate.swift in Sources */,
			);
			runOnlyForDeploymentPostprocessing = 0;
		};
/* End PBXSourcesBuildPhase section */

/* Begin PBXVariantGroup section */
		685FDC9925742DE800360C5B /* LaunchScreen.storyboard */ = {
			isa = PBXVariantGroup;
			children = (
				685FDC9A25742DE800360C5B /* Base */,
			);
			name = LaunchScreen.storyboard;
			sourceTree = "<group>";
		};
		68821ECD256C2B7D002EED02 /* LaunchScreen.storyboard */ = {
			isa = PBXVariantGroup;
			children = (
				68821ECE256C2B7D002EED02 /* Base */,
			);
			name = LaunchScreen.storyboard;
			sourceTree = "<group>";
		};
/* End PBXVariantGroup section */

/* Begin XCBuildConfiguration section */
		68821ED1256C2B7D002EED02 /* Debug */ = {
			isa = XCBuildConfiguration;
			buildSettings = {
				ALWAYS_SEARCH_USER_PATHS = NO;
				CLANG_ANALYZER_NONNULL = YES;
				CLANG_ANALYZER_NUMBER_OBJECT_CONVERSION = YES_AGGRESSIVE;
				CLANG_CXX_LANGUAGE_STANDARD = "gnu++14";
				CLANG_CXX_LIBRARY = "libc++";
				CLANG_ENABLE_MODULES = YES;
				CLANG_ENABLE_OBJC_ARC = YES;
				CLANG_ENABLE_OBJC_WEAK = YES;
				CLANG_WARN_BLOCK_CAPTURE_AUTORELEASING = YES;
				CLANG_WARN_BOOL_CONVERSION = YES;
				CLANG_WARN_COMMA = YES;
				CLANG_WARN_CONSTANT_CONVERSION = YES;
				CLANG_WARN_DEPRECATED_OBJC_IMPLEMENTATIONS = YES;
				CLANG_WARN_DIRECT_OBJC_ISA_USAGE = YES_ERROR;
				CLANG_WARN_DOCUMENTATION_COMMENTS = YES;
				CLANG_WARN_EMPTY_BODY = YES;
				CLANG_WARN_ENUM_CONVERSION = YES;
				CLANG_WARN_INFINITE_RECURSION = YES;
				CLANG_WARN_INT_CONVERSION = YES;
				CLANG_WARN_NON_LITERAL_NULL_CONVERSION = YES;
				CLANG_WARN_OBJC_IMPLICIT_RETAIN_SELF = YES;
				CLANG_WARN_OBJC_LITERAL_CONVERSION = YES;
				CLANG_WARN_OBJC_ROOT_CLASS = YES_ERROR;
				CLANG_WARN_QUOTED_INCLUDE_IN_FRAMEWORK_HEADER = YES;
				CLANG_WARN_RANGE_LOOP_ANALYSIS = YES;
				CLANG_WARN_STRICT_PROTOTYPES = YES;
				CLANG_WARN_SUSPICIOUS_MOVE = YES;
				CLANG_WARN_UNGUARDED_AVAILABILITY = YES_AGGRESSIVE;
				CLANG_WARN_UNREACHABLE_CODE = YES;
				CLANG_WARN__DUPLICATE_METHOD_MATCH = YES;
				COPY_PHASE_STRIP = NO;
				DEBUG_INFORMATION_FORMAT = dwarf;
				ENABLE_STRICT_OBJC_MSGSEND = YES;
				ENABLE_TESTABILITY = YES;
				GCC_C_LANGUAGE_STANDARD = gnu11;
				GCC_DYNAMIC_NO_PIC = NO;
				GCC_NO_COMMON_BLOCKS = YES;
				GCC_OPTIMIZATION_LEVEL = 0;
				GCC_PREPROCESSOR_DEFINITIONS = (
					"DEBUG=1",
					"$(inherited)",
				);
				GCC_WARN_64_TO_32_BIT_CONVERSION = YES;
				GCC_WARN_ABOUT_RETURN_TYPE = YES_ERROR;
				GCC_WARN_UNDECLARED_SELECTOR = YES;
				GCC_WARN_UNINITIALIZED_AUTOS = YES_AGGRESSIVE;
				GCC_WARN_UNUSED_FUNCTION = YES;
				GCC_WARN_UNUSED_VARIABLE = YES;
				IPHONEOS_DEPLOYMENT_TARGET = 14.2;
				MTL_ENABLE_DEBUG_INFO = INCLUDE_SOURCE;
				MTL_FAST_MATH = YES;
				ONLY_ACTIVE_ARCH = YES;
				SDKROOT = iphoneos;
				SWIFT_ACTIVE_COMPILATION_CONDITIONS = DEBUG;
				SWIFT_OPTIMIZATION_LEVEL = "-Onone";
			};
			name = Debug;
		};
		68821ED2256C2B7D002EED02 /* Release */ = {
			isa = XCBuildConfiguration;
			buildSettings = {
				ALWAYS_SEARCH_USER_PATHS = NO;
				CLANG_ANALYZER_NONNULL = YES;
				CLANG_ANALYZER_NUMBER_OBJECT_CONVERSION = YES_AGGRESSIVE;
				CLANG_CXX_LANGUAGE_STANDARD = "gnu++14";
				CLANG_CXX_LIBRARY = "libc++";
				CLANG_ENABLE_MODULES = YES;
				CLANG_ENABLE_OBJC_ARC = YES;
				CLANG_ENABLE_OBJC_WEAK = YES;
				CLANG_WARN_BLOCK_CAPTURE_AUTORELEASING = YES;
				CLANG_WARN_BOOL_CONVERSION = YES;
				CLANG_WARN_COMMA = YES;
				CLANG_WARN_CONSTANT_CONVERSION = YES;
				CLANG_WARN_DEPRECATED_OBJC_IMPLEMENTATIONS = YES;
				CLANG_WARN_DIRECT_OBJC_ISA_USAGE = YES_ERROR;
				CLANG_WARN_DOCUMENTATION_COMMENTS = YES;
				CLANG_WARN_EMPTY_BODY = YES;
				CLANG_WARN_ENUM_CONVERSION = YES;
				CLANG_WARN_INFINITE_RECURSION = YES;
				CLANG_WARN_INT_CONVERSION = YES;
				CLANG_WARN_NON_LITERAL_NULL_CONVERSION = YES;
				CLANG_WARN_OBJC_IMPLICIT_RETAIN_SELF = YES;
				CLANG_WARN_OBJC_LITERAL_CONVERSION = YES;
				CLANG_WARN_OBJC_ROOT_CLASS = YES_ERROR;
				CLANG_WARN_QUOTED_INCLUDE_IN_FRAMEWORK_HEADER = YES;
				CLANG_WARN_RANGE_LOOP_ANALYSIS = YES;
				CLANG_WARN_STRICT_PROTOTYPES = YES;
				CLANG_WARN_SUSPICIOUS_MOVE = YES;
				CLANG_WARN_UNGUARDED_AVAILABILITY = YES_AGGRESSIVE;
				CLANG_WARN_UNREACHABLE_CODE = YES;
				CLANG_WARN__DUPLICATE_METHOD_MATCH = YES;
				COPY_PHASE_STRIP = NO;
				DEBUG_INFORMATION_FORMAT = "dwarf-with-dsym";
				ENABLE_NS_ASSERTIONS = NO;
				ENABLE_STRICT_OBJC_MSGSEND = YES;
				GCC_C_LANGUAGE_STANDARD = gnu11;
				GCC_NO_COMMON_BLOCKS = YES;
				GCC_WARN_64_TO_32_BIT_CONVERSION = YES;
				GCC_WARN_ABOUT_RETURN_TYPE = YES_ERROR;
				GCC_WARN_UNDECLARED_SELECTOR = YES;
				GCC_WARN_UNINITIALIZED_AUTOS = YES_AGGRESSIVE;
				GCC_WARN_UNUSED_FUNCTION = YES;
				GCC_WARN_UNUSED_VARIABLE = YES;
				IPHONEOS_DEPLOYMENT_TARGET = 14.2;
				MTL_ENABLE_DEBUG_INFO = NO;
				MTL_FAST_MATH = YES;
				SDKROOT = iphoneos;
				SWIFT_COMPILATION_MODE = wholemodule;
				SWIFT_OPTIMIZATION_LEVEL = "-O";
				VALIDATE_PRODUCT = YES;
			};
			name = Release;
		};
		68821ED4256C2B7D002EED02 /* Debug */ = {
			isa = XCBuildConfiguration;
			buildSettings = {
				ARCHS = "$(ARCHS_STANDARD)";
				ASSETCATALOG_COMPILER_APPICON_NAME = AppIcon;
				ASSETCATALOG_COMPILER_GLOBAL_ACCENT_COLOR_NAME = AccentColor;
				CODE_SIGN_STYLE = Automatic;
				DEVELOPMENT_TEAM = R6BE99W3FU;
				HEADER_SEARCH_PATHS = "$(PROJECT_DIR)/IAPHelper/openssl-include";
				INFOPLIST_FILE = IAPDemo/Support/Info.plist;
				LD_GENERATE_MAP_FILE = NO;
				LD_RUNPATH_SEARCH_PATHS = (
					"$(inherited)",
					"@executable_path/Frameworks",
				);
				LIBRARY_SEARCH_PATHS = "";
				PRODUCT_BUNDLE_IDENTIFIER = com.rarcher.IAPDemo;
				PRODUCT_NAME = "$(TARGET_NAME)";
				SWIFT_OBJC_BRIDGING_HEADER = "";
				SWIFT_VERSION = 5.0;
				TARGETED_DEVICE_FAMILY = "1,2";
			};
			name = Debug;
		};
		68821ED5256C2B7D002EED02 /* Release */ = {
			isa = XCBuildConfiguration;
			buildSettings = {
				ARCHS = "$(ARCHS_STANDARD)";
				ASSETCATALOG_COMPILER_APPICON_NAME = AppIcon;
				ASSETCATALOG_COMPILER_GLOBAL_ACCENT_COLOR_NAME = AccentColor;
				CODE_SIGN_STYLE = Automatic;
				DEVELOPMENT_TEAM = R6BE99W3FU;
				HEADER_SEARCH_PATHS = "$(PROJECT_DIR)/IAPHelper/openssl-include";
				INFOPLIST_FILE = IAPDemo/Support/Info.plist;
				LD_GENERATE_MAP_FILE = NO;
				LD_RUNPATH_SEARCH_PATHS = (
					"$(inherited)",
					"@executable_path/Frameworks",
				);
				LIBRARY_SEARCH_PATHS = "";
				PRODUCT_BUNDLE_IDENTIFIER = com.rarcher.IAPDemo;
				PRODUCT_NAME = "$(TARGET_NAME)";
				SWIFT_OBJC_BRIDGING_HEADER = "";
				SWIFT_VERSION = 5.0;
				TARGETED_DEVICE_FAMILY = "1,2";
			};
			name = Release;
		};
/* End XCBuildConfiguration section */

/* Begin XCConfigurationList section */
		68821EBA256C2B7C002EED02 /* Build configuration list for PBXProject "IAPDemo" */ = {
			isa = XCConfigurationList;
			buildConfigurations = (
				68821ED1256C2B7D002EED02 /* Debug */,
				68821ED2256C2B7D002EED02 /* Release */,
			);
			defaultConfigurationIsVisible = 0;
			defaultConfigurationName = Release;
		};
		68821ED3256C2B7D002EED02 /* Build configuration list for PBXNativeTarget "IAPDemo" */ = {
			isa = XCConfigurationList;
			buildConfigurations = (
				68821ED4256C2B7D002EED02 /* Debug */,
				68821ED5256C2B7D002EED02 /* Release */,
			);
			defaultConfigurationIsVisible = 0;
			defaultConfigurationName = Release;
		};
/* End XCConfigurationList section */
	};
	rootObject = 68821EB7256C2B7C002EED02 /* Project object */;
}
